<?xml version="1.0" encoding="utf-8"?>
<Project ToolsVersion="4.0" xmlns="http://schemas.microsoft.com/developer/msbuild/2003">
  <ItemGroup>
    <Filter Include="Editor">
      <UniqueIdentifier>{fc7a5df8-2857-43db-89dd-fb1a86e32698}</UniqueIdentifier>
    </Filter>
    <Filter Include="Editor\配置管理">
      <UniqueIdentifier>{827fe566-6788-49a5-a4b4-41e4680b1b18}</UniqueIdentifier>
    </Filter>
    <Filter Include="Game">
      <UniqueIdentifier>{4FC737F1-C7A5-4376-A066-2A32D752A2FF}</UniqueIdentifier>
      <Extensions>cpp;c;cc;cxx;c++;cppm;ixx;def;odl;idl;hpj;bat;asm;asmx</Extensions>
    </Filter>
    <Filter Include="Game\2d %28DebugTxt  Sprite Texture%29">
      <UniqueIdentifier>{89448607-1f71-4fa2-81d3-a098497fd03e}</UniqueIdentifier>
    </Filter>
    <Filter Include="Game\2d %28DebugTxt  Sprite Texture%29\sprite">
      <UniqueIdentifier>{c35e7984-0336-4ead-98e9-4c5d055a7d42}</UniqueIdentifier>
    </Filter>
    <Filter Include="Game\2d %28DebugTxt  Sprite Texture%29\texture">
      <UniqueIdentifier>{3e806fd0-a6b2-4fe8-bf08-baafb4aac7a9}</UniqueIdentifier>
    </Filter>
    <Filter Include="Game\3d %28Model  Obj  Fbx%29">
      <UniqueIdentifier>{c85e5191-d41d-42d7-965e-2909d1472162}</UniqueIdentifier>
    </Filter>
    <Filter Include="Game\3d %28Model  Obj  Fbx%29\fbx">
      <UniqueIdentifier>{ba43dd49-6aa5-4fff-8b68-8672c915be4d}</UniqueIdentifier>
    </Filter>
    <Filter Include="Game\3d %28Model  Obj  Fbx%29\obj">
      <UniqueIdentifier>{7f66ef81-f622-425c-85f0-bc4fc79503dd}</UniqueIdentifier>
    </Filter>
    <Filter Include="Game\base %28Dxcmn  Winapp  Input%29">
      <UniqueIdentifier>{d329b92f-f1df-4fd0-8987-7702493d45c0}</UniqueIdentifier>
    </Filter>
    <Filter Include="Game\base %28Dxcmn  Winapp  Input%29\audio">
      <UniqueIdentifier>{3a331b0b-7e8a-4e0c-b7a3-7b527867ea08}</UniqueIdentifier>
    </Filter>
    <Filter Include="Game\collision">
      <UniqueIdentifier>{a5d15daa-90ff-4b7f-a438-af2ba141053a}</UniqueIdentifier>
    </Filter>
    <Filter Include="Game\gameobject">
      <UniqueIdentifier>{21df807f-5c3c-43d9-9a7d-fa929d490fa6}</UniqueIdentifier>
    </Filter>
    <Filter Include="Game\gameobject\Control">
      <UniqueIdentifier>{5c24b4a8-8a3e-455d-8388-92ad21b1dd11}</UniqueIdentifier>
    </Filter>
    <Filter Include="Game\gameobject\light">
      <UniqueIdentifier>{183d173f-2d44-495f-b8c2-3ba74039a818}</UniqueIdentifier>
    </Filter>
    <Filter Include="Game\gameobject\camera">
      <UniqueIdentifier>{133564d7-a6f9-464b-959e-0a1b2ee172da}</UniqueIdentifier>
    </Filter>
    <Filter Include="Game\2d %28DebugTxt  Sprite Texture%29\Particle">
      <UniqueIdentifier>{5c1b134c-f46a-42b5-b391-482ca91b7474}</UniqueIdentifier>
    </Filter>
    <Filter Include="Game\2d %28DebugTxt  Sprite Texture%29\posteffect">
      <UniqueIdentifier>{3aec48ac-9748-421e-b3b2-330ac8332409}</UniqueIdentifier>
    </Filter>
    <Filter Include="Editor\配置管理\Fence">
      <UniqueIdentifier>{79bfb59c-0748-41da-bda3-2801e2b01cd4}</UniqueIdentifier>
    </Filter>
    <Filter Include="Editor\配置管理\Stone">
      <UniqueIdentifier>{35451e61-5380-4ef5-8d34-58a7d3a3707c}</UniqueIdentifier>
    </Filter>
    <Filter Include="Editor\配置管理\CameraPoints">
      <UniqueIdentifier>{3be856d7-aceb-469d-9dca-fa4539cd7150}</UniqueIdentifier>
    </Filter>
    <Filter Include="Editor\配置管理\Grass">
      <UniqueIdentifier>{2ae5194c-5ffd-4e08-a2b3-a242cc78f69e}</UniqueIdentifier>
    </Filter>
    <Filter Include="Editor\配置管理\Enemy">
      <UniqueIdentifier>{4a80af31-86c4-427f-a61a-d3c249b08ff3}</UniqueIdentifier>
    </Filter>
    <Filter Include="Editor\配置管理\PlaceManager">
      <UniqueIdentifier>{8b70acb0-a16e-4816-923c-87b06e9be80e}</UniqueIdentifier>
    </Filter>
    <Filter Include="Editor\配置管理\Chest">
      <UniqueIdentifier>{17271910-45a5-4d0e-a613-26f072c2e53a}</UniqueIdentifier>
    </Filter>
    <Filter Include="Editor\配置管理\Wood">
      <UniqueIdentifier>{7654b652-08a8-4952-a1df-e51d4d1f5131}</UniqueIdentifier>
    </Filter>
    <Filter Include="Game\gameobject\GameObject">
      <UniqueIdentifier>{6bdd6aec-aa3b-4bcb-adce-b0c79d15222c}</UniqueIdentifier>
    </Filter>
    <Filter Include="Game\gameobject\GameObject\Wood">
      <UniqueIdentifier>{1e53207f-98d4-4911-ac85-c4378f04ff61}</UniqueIdentifier>
    </Filter>
    <Filter Include="Game\gameobject\GameObject\Fence">
      <UniqueIdentifier>{a110c02c-7630-436b-bbe5-6062e42a135e}</UniqueIdentifier>
    </Filter>
    <Filter Include="Game\gameobject\GameObject\Enemy">
      <UniqueIdentifier>{44632ff4-800b-42a1-b3ca-1a2202c89452}</UniqueIdentifier>
    </Filter>
    <Filter Include="Game\gameobject\GameObject\Player">
      <UniqueIdentifier>{82a94310-85ef-4641-b334-083a5d0e8f8f}</UniqueIdentifier>
    </Filter>
    <Filter Include="Game\gameobject\GameObject\Chest">
      <UniqueIdentifier>{2a2771c9-a0a5-4fed-b1a5-862349bd87ad}</UniqueIdentifier>
    </Filter>
    <Filter Include="Game\gameobject\GameObject\Sword">
      <UniqueIdentifier>{0835cc53-4e6f-4e7c-8ec4-9895dc30e6fb}</UniqueIdentifier>
    </Filter>
    <Filter Include="Game\gameobject\GameObject\Sword\基底">
      <UniqueIdentifier>{89b31857-5c5a-49a3-a7b9-37fb96f070a6}</UniqueIdentifier>
    </Filter>
    <Filter Include="Game\gameobject\GameObject\Sword\派生">
      <UniqueIdentifier>{09b745ac-ba22-43d3-95e6-c3d443927c55}</UniqueIdentifier>
    </Filter>
    <Filter Include="Game\gameobject\GameObject\Field">
      <UniqueIdentifier>{73610235-772e-4e34-a679-8aa9b69c88a4}</UniqueIdentifier>
    </Filter>
    <Filter Include="Game\gameobject\GameObject\Stone">
      <UniqueIdentifier>{4ffa4842-6cb3-4e18-84e5-da85fd72cacc}</UniqueIdentifier>
    </Filter>
    <Filter Include="Game\gameobject\GameObject\Grass">
      <UniqueIdentifier>{40a6e167-6e5c-45ff-825e-33fd5b4c3d76}</UniqueIdentifier>
    </Filter>
    <Filter Include="Game\gameobject\GameObject\house">
      <UniqueIdentifier>{4409ba6f-07a4-46ba-bb37-c68167745ca1}</UniqueIdentifier>
    </Filter>
    <Filter Include="Game\gameobject\GameObject\Enemy\EnemyAttackSequence">
      <UniqueIdentifier>{0bf36934-c558-4f7c-b477-238364207591}</UniqueIdentifier>
    </Filter>
    <Filter Include="Game\gameobject\GameObject\Enemy\EnemyAttackSequence\Mob">
      <UniqueIdentifier>{506af174-ebed-4cae-93f8-e0534a0ee714}</UniqueIdentifier>
    </Filter>
    <Filter Include="Game\gameobject\GameObject\Enemy\Base">
      <UniqueIdentifier>{ffb227aa-a1e9-49e1-a3c2-fa58367f9f19}</UniqueIdentifier>
    </Filter>
    <Filter Include="Game\gameobject\GameObject\Enemy\Derived">
      <UniqueIdentifier>{fea36ed0-c819-4898-a60b-a019703658a8}</UniqueIdentifier>
    </Filter>
    <Filter Include="Game\gameobject\GameObject\Enemy\Derived\alpha">
      <UniqueIdentifier>{f0dec463-be94-4bfc-b8b2-176a68a0c9a8}</UniqueIdentifier>
    </Filter>
    <Filter Include="Game\Shader">
      <UniqueIdentifier>{93995380-89BD-4b04-88EB-625FBE52EBFB}</UniqueIdentifier>
      <Extensions>h;hh;hpp;hxx;h++;hm;inl;inc;ipp;xsd</Extensions>
    </Filter>
    <Filter Include="Game\gameobject\GameObject\Enemy\EnemyAttackSequence\Guardian">
      <UniqueIdentifier>{42fec9ba-2ade-4049-9988-06eb19f9e919}</UniqueIdentifier>
    </Filter>
    <Filter Include="Game\Scene">
      <UniqueIdentifier>{71571380-9e3e-4eae-8be2-8821f123a3af}</UniqueIdentifier>
    </Filter>
    <Filter Include="Game\Scene\basescene">
      <UniqueIdentifier>{ba3e160d-6499-4593-ad7e-388c395ab9f1}</UniqueIdentifier>
    </Filter>
    <Filter Include="Game\Scene\SceneManager">
      <UniqueIdentifier>{56fcbf9e-9fe0-4faa-aa45-1615c0d8fd02}</UniqueIdentifier>
    </Filter>
    <Filter Include="Game\Scene\framework">
      <UniqueIdentifier>{a1bad7c0-fa12-4aaf-8391-fafcad7f2b9f}</UniqueIdentifier>
    </Filter>
    <Filter Include="Game\gameobject\GameObject\Enemy\EnemyAttackSequence\Guardian\action">
      <UniqueIdentifier>{091a996f-3da1-43e6-a301-9fe92b79c831}</UniqueIdentifier>
    </Filter>
    <Filter Include="Game\gameobject\GameObject\Enemy\EnemyAttackSequence\Guardian\Sequence">
      <UniqueIdentifier>{e973b8a1-f95d-4d4b-9385-7bee98c3db0b}</UniqueIdentifier>
    </Filter>
    <Filter Include="Game\gameobject\GameObject\Enemy\Derived\beta">
      <UniqueIdentifier>{02b0bf61-6aca-47ef-894a-04e2214669e1}</UniqueIdentifier>
    </Filter>
    <Filter Include="Game\gameobject\GameObject\Enemy\EnemyAttackSequence\beta">
      <UniqueIdentifier>{f4a48d6b-c967-49f6-917b-5d69db34b8a6}</UniqueIdentifier>
    </Filter>
    <Filter Include="Game\シェーダー">
      <UniqueIdentifier>{67DA6AB6-F800-4c08-8B7A-83BB121AAD01}</UniqueIdentifier>
      <Extensions>rc;ico;cur;bmp;dlg;rc2;rct;bin;rgs;gif;jpg;jpeg;jpe;resx;tiff;tif;png;wav;mfcribbon-ms</Extensions>
    </Filter>
    <Filter Include="Game\シェーダー\Sprite">
      <UniqueIdentifier>{bf4a6542-5688-4e14-9ed8-d38ceba9b990}</UniqueIdentifier>
    </Filter>
    <Filter Include="Game\シェーダー\Particle">
      <UniqueIdentifier>{0e393480-4770-4691-8cbc-553e04e52c6f}</UniqueIdentifier>
    </Filter>
    <Filter Include="Game\シェーダー\Object">
      <UniqueIdentifier>{d6d353b0-f6f0-4b02-a01f-5e8df6e85c37}</UniqueIdentifier>
    </Filter>
    <Filter Include="Game\シェーダー\Tex">
      <UniqueIdentifier>{ebc9bd48-828a-474c-820f-bac6b5758553}</UniqueIdentifier>
    </Filter>
    <Filter Include="Game\シェーダー\Fbx">
      <UniqueIdentifier>{063aa41a-2940-45e8-8c61-a3afc45888bc}</UniqueIdentifier>
    </Filter>
    <Filter Include="Game\シェーダー\PostEffect">
      <UniqueIdentifier>{ef7f1cef-7a15-4b1c-8cef-8bc69ccc595a}</UniqueIdentifier>
    </Filter>
    <Filter Include="Game\gameobject\GameObject\Boss">
      <UniqueIdentifier>{03ed31c6-4630-4966-9fda-66b80c317f82}</UniqueIdentifier>
    </Filter>
    <Filter Include="Game\Scene\GameScene">
      <UniqueIdentifier>{1c29f6ca-2414-4584-bc7f-019dad1dc8ef}</UniqueIdentifier>
    </Filter>
    <Filter Include="Game\2d %28DebugTxt  Sprite Texture%29\UI">
      <UniqueIdentifier>{dd958707-cbce-4c7f-9484-fc9b5fe5c097}</UniqueIdentifier>
    </Filter>
    <Filter Include="Game\2d %28DebugTxt  Sprite Texture%29\UI\HUD">
      <UniqueIdentifier>{bd73972b-f908-4972-97d0-c9526e6c2f1b}</UniqueIdentifier>
    </Filter>
    <Filter Include="Game\2d %28DebugTxt  Sprite Texture%29\UI\Config">
      <UniqueIdentifier>{077ed855-3902-457a-805f-209d6816ad7a}</UniqueIdentifier>
    </Filter>
    <Filter Include="Game\gameobject\GameObject\Boss\AttackAction%28State_Pattern%29">
      <UniqueIdentifier>{c83847d2-65dc-444a-ac0b-10be1dc5ee3c}</UniqueIdentifier>
    </Filter>
    <Filter Include="Game\gameobject\GameObject\Boss\AttackAction%28State_Pattern%29\FirstHalf">
      <UniqueIdentifier>{2ed3641d-8ebe-40f6-814e-efefe807737c}</UniqueIdentifier>
    </Filter>
    <Filter Include="Game\gameobject\GameObject\Boss\AttackAction%28State_Pattern%29\FirstHalf\Sequence">
      <UniqueIdentifier>{bdb8748a-af21-4e5e-b269-97f63a83b3f6}</UniqueIdentifier>
    </Filter>
    <Filter Include="Game\gameobject\GameObject\Boss\AttackAction%28State_Pattern%29\FirstHalf\Sequence\Circle">
      <UniqueIdentifier>{d6a12ea0-25c8-4444-980a-7b33dffea1be}</UniqueIdentifier>
    </Filter>
    <Filter Include="Game\gameobject\GameObject\Boss\AttackAction%28State_Pattern%29\FirstHalf\Sequence\Cross">
      <UniqueIdentifier>{0656cd87-3c2c-4378-983d-e8fc9988a7c6}</UniqueIdentifier>
    </Filter>
    <Filter Include="Game\gameobject\GameObject\Boss\AttackAction%28State_Pattern%29\FirstHalf\Sequence\Summon">
      <UniqueIdentifier>{3eaafa97-045e-4a5c-b62a-d4e8888e68c2}</UniqueIdentifier>
    </Filter>
    <Filter Include="Game\gameobject\GameObject\Boss\AttackAction%28State_Pattern%29\FirstHalf\Action">
      <UniqueIdentifier>{f45bf99b-b140-4da5-ac78-312ed692bce7}</UniqueIdentifier>
    </Filter>
    <Filter Include="Game\gameobject\GameObject\Boss\AttackAction%28State_Pattern%29\FirstHalf\Action\Circle">
      <UniqueIdentifier>{279e40b5-7db3-46d6-a070-50d42c25340d}</UniqueIdentifier>
    </Filter>
    <Filter Include="Game\gameobject\GameObject\Boss\AttackAction%28State_Pattern%29\FirstHalf\Action\Cross">
      <UniqueIdentifier>{435b93e8-885a-4839-822e-33e95ad772e9}</UniqueIdentifier>
    </Filter>
    <Filter Include="Game\gameobject\GameObject\Boss\AttackAction%28State_Pattern%29\FirstHalf\Action\Summon">
      <UniqueIdentifier>{c927ed9f-1aa8-4327-9719-c39ba1af8438}</UniqueIdentifier>
    </Filter>
    <Filter Include="Game\gameobject\GameObject\Boss\AttackAction%28State_Pattern%29\SecondHalf">
      <UniqueIdentifier>{9fc05f87-29b3-45cd-aaa9-a71bae9ad6ed}</UniqueIdentifier>
    </Filter>
    <Filter Include="Game\gameobject\GameObject\Boss\AttackAction%28State_Pattern%29\SecondHalf\Action">
      <UniqueIdentifier>{39652be0-e727-4160-a478-3daeab95fdb6}</UniqueIdentifier>
    </Filter>
    <Filter Include="Game\gameobject\GameObject\Boss\AttackAction%28State_Pattern%29\SecondHalf\Action\BronzeBeam">
      <UniqueIdentifier>{253c6336-3443-4c2c-a756-6a2de039e7b1}</UniqueIdentifier>
    </Filter>
    <Filter Include="Game\gameobject\GameObject\Boss\AttackAction%28State_Pattern%29\SecondHalf\Action\FrontCircle">
      <UniqueIdentifier>{be8be202-700d-4fde-ac46-bfd9d8fc0d89}</UniqueIdentifier>
    </Filter>
    <Filter Include="Game\gameobject\GameObject\Boss\AttackAction%28State_Pattern%29\SecondHalf\Action\Rush">
      <UniqueIdentifier>{9616445d-acd7-40c4-ad4f-522884ca2e83}</UniqueIdentifier>
    </Filter>
    <Filter Include="Game\gameobject\GameObject\Boss\AttackAction%28State_Pattern%29\SecondHalf\Action\Ultimate">
      <UniqueIdentifier>{9d554dc7-17d0-40d9-a164-bef05c7f28cf}</UniqueIdentifier>
    </Filter>
    <Filter Include="Game\gameobject\GameObject\Boss\AttackAction%28State_Pattern%29\SecondHalf\Sequence">
      <UniqueIdentifier>{20191d69-8eea-4a71-8563-3466169c2c59}</UniqueIdentifier>
    </Filter>
    <Filter Include="Game\gameobject\GameObject\Boss\AttackAction%28State_Pattern%29\SecondHalf\Sequence\Rush">
      <UniqueIdentifier>{6d7d1f03-eada-4cf6-b3e9-93953919325d}</UniqueIdentifier>
    </Filter>
    <Filter Include="Game\gameobject\GameObject\Boss\AttackAction%28State_Pattern%29\SecondHalf\Sequence\BronzeBeam">
      <UniqueIdentifier>{e03f378f-b77b-4975-9a7c-ea4e1ff211f7}</UniqueIdentifier>
    </Filter>
    <Filter Include="Game\gameobject\GameObject\Boss\AttackAction%28State_Pattern%29\SecondHalf\Sequence\FrontCircle">
      <UniqueIdentifier>{10d7e598-b293-4fb1-a3da-05c5fc051c11}</UniqueIdentifier>
    </Filter>
  </ItemGroup>
  <ItemGroup>
    <ClCompile Include="Sprite.cpp">
      <Filter>Game\2d %28DebugTxt  Sprite Texture%29\sprite</Filter>
    </ClCompile>
    <ClCompile Include="DebugTxt.cpp">
      <Filter>Game\2d %28DebugTxt  Sprite Texture%29\sprite</Filter>
    </ClCompile>
    <ClCompile Include="PostEffect.cpp">
      <Filter>Game\2d %28DebugTxt  Sprite Texture%29\posteffect</Filter>
    </ClCompile>
    <ClCompile Include="Texture.cpp">
      <Filter>Game\2d %28DebugTxt  Sprite Texture%29\texture</Filter>
    </ClCompile>
    <ClCompile Include="f_Model.cpp">
      <Filter>Game\3d %28Model  Obj  Fbx%29\fbx</Filter>
    </ClCompile>
    <ClCompile Include="f_Object3d.cpp">
      <Filter>Game\3d %28Model  Obj  Fbx%29\fbx</Filter>
    </ClCompile>
    <ClCompile Include="FbxLoader.cpp">
      <Filter>Game\3d %28Model  Obj  Fbx%29\fbx</Filter>
    </ClCompile>
    <ClCompile Include="Material.cpp">
      <Filter>Game\3d %28Model  Obj  Fbx%29\obj</Filter>
    </ClCompile>
    <ClCompile Include="Mesh.cpp">
      <Filter>Game\3d %28Model  Obj  Fbx%29\obj</Filter>
    </ClCompile>
    <ClCompile Include="Model.cpp">
      <Filter>Game\3d %28Model  Obj  Fbx%29\obj</Filter>
    </ClCompile>
    <ClCompile Include="Object3d.cpp">
      <Filter>Game\3d %28Model  Obj  Fbx%29\obj</Filter>
    </ClCompile>
    <ClCompile Include="Audio.cpp">
      <Filter>Game\base %28Dxcmn  Winapp  Input%29\audio</Filter>
    </ClCompile>
    <ClCompile Include="DirectXCommon.cpp">
      <Filter>Game\base %28Dxcmn  Winapp  Input%29</Filter>
    </ClCompile>
    <ClCompile Include="Input.cpp">
      <Filter>Game\base %28Dxcmn  Winapp  Input%29</Filter>
    </ClCompile>
    <ClCompile Include="WinApp.cpp">
      <Filter>Game\base %28Dxcmn  Winapp  Input%29</Filter>
    </ClCompile>
    <ClCompile Include="DebugCamera.cpp">
      <Filter>Game\gameobject\camera</Filter>
    </ClCompile>
    <ClCompile Include="Camera.cpp">
      <Filter>Game\gameobject\camera</Filter>
    </ClCompile>
    <ClCompile Include="BaseCollider.cpp">
      <Filter>Game\collision</Filter>
    </ClCompile>
    <ClCompile Include="Collision.cpp">
      <Filter>Game\collision</Filter>
    </ClCompile>
    <ClCompile Include="SphereCollider.cpp">
      <Filter>Game\collision</Filter>
    </ClCompile>
    <ClCompile Include="CollisionPrimitive.cpp">
      <Filter>Game\collision</Filter>
    </ClCompile>
    <ClCompile Include="Framework.cpp">
      <Filter>Game\Scene\framework</Filter>
    </ClCompile>
    <ClCompile Include="SceneManager.cpp">
      <Filter>Game\Scene\SceneManager</Filter>
    </ClCompile>
    <ClCompile Include="MyGame.cpp">
      <Filter>Game\Scene\basescene</Filter>
    </ClCompile>
    <ClCompile Include="PlayScene.cpp">
      <Filter>Game\Scene\GameScene</Filter>
    </ClCompile>
    <ClCompile Include="TitleScene.cpp">
      <Filter>Game\Scene\GameScene</Filter>
    </ClCompile>
    <ClCompile Include="BaseScene.cpp">
      <Filter>Game\Scene\basescene</Filter>
    </ClCompile>
    <ClCompile Include="LightGroup.cpp">
      <Filter>Game\gameobject\light</Filter>
    </ClCompile>
    <ClCompile Include="Player.cpp">
      <Filter>Game\gameobject\GameObject\Player</Filter>
    </ClCompile>
    <ClCompile Include="BossEnemy.cpp">
      <Filter>Game\gameobject\GameObject\Enemy\Derived</Filter>
    </ClCompile>
    <ClCompile Include="Enemy.cpp">
      <Filter>Game\gameobject\GameObject\Enemy\Base</Filter>
    </ClCompile>
    <ClCompile Include="MobEnemy.cpp">
      <Filter>Game\gameobject\GameObject\Enemy\Derived</Filter>
    </ClCompile>
    <ClCompile Include="CollisionManager.cpp">
      <Filter>Game\collision</Filter>
    </ClCompile>
    <ClCompile Include="MeshCollider.cpp">
      <Filter>Game\collision</Filter>
    </ClCompile>
    <ClCompile Include="TouchableObject.cpp">
      <Filter>Game\collision</Filter>
    </ClCompile>
    <ClCompile Include="EnemyAlpha.cpp">
      <Filter>Game\gameobject\GameObject\Enemy\Derived\alpha</Filter>
    </ClCompile>
    <ClCompile Include="ModelManager.cpp">
      <Filter>Game\3d %28Model  Obj  Fbx%29</Filter>
    </ClCompile>
    <ClCompile Include="QueryCallback.cpp">
      <Filter>Game\collision</Filter>
    </ClCompile>
    <ClCompile Include="HUD.cpp">
      <Filter>Game\2d %28DebugTxt  Sprite Texture%29\UI\HUD</Filter>
    </ClCompile>
    <ClCompile Include="MapCreate.cpp">
      <Filter>Editor</Filter>
    </ClCompile>
    <ClCompile Include="MapCreateScene.cpp">
      <Filter>Editor</Filter>
    </ClCompile>
    <ClCompile Include="Field.cpp">
      <Filter>Game\gameobject\GameObject\Field</Filter>
    </ClCompile>
    <ClCompile Include="ConfigSprite.cpp">
      <Filter>Game\2d %28DebugTxt  Sprite Texture%29\UI\Config</Filter>
    </ClCompile>
    <ClCompile Include="SistemConfig.cpp">
      <Filter>Game\2d %28DebugTxt  Sprite Texture%29\UI\Config</Filter>
    </ClCompile>
    <ClCompile Include="PlayerAttackState.cpp">
      <Filter>Game\gameobject\GameObject\Player</Filter>
    </ClCompile>
    <ClCompile Include="FieldCollision.cpp">
      <Filter>Game\collision</Filter>
    </ClCompile>
    <ClCompile Include="Wood.cpp">
      <Filter>Game\gameobject\GameObject\Wood</Filter>
    </ClCompile>
    <ClCompile Include="AreaFence.cpp">
      <Filter>Game\gameobject\GameObject\Fence</Filter>
    </ClCompile>
    <ClCompile Include="CreateObjManager.cpp">
      <Filter>Editor\配置管理\PlaceManager</Filter>
    </ClCompile>
    <ClCompile Include="PlaceWood.cpp">
      <Filter>Editor\配置管理\Wood</Filter>
    </ClCompile>
    <ClCompile Include="PlaceFence.cpp">
      <Filter>Editor\配置管理\Fence</Filter>
    </ClCompile>
    <ClCompile Include="PlaceEnemy.cpp">
      <Filter>Editor\配置管理\Enemy</Filter>
    </ClCompile>
    <ClCompile Include="ControlBase.cpp">
      <Filter>Game\gameobject\Control</Filter>
    </ClCompile>
    <ClCompile Include="EnemyControl.cpp">
      <Filter>Game\gameobject\Control</Filter>
    </ClCompile>
    <ClCompile Include="FenceControl.cpp">
      <Filter>Game\gameobject\Control</Filter>
    </ClCompile>
    <ClCompile Include="WoodControl.cpp">
      <Filter>Game\gameobject\Control</Filter>
    </ClCompile>
    <ClCompile Include="ObjectManager.cpp">
      <Filter>Game\gameobject</Filter>
    </ClCompile>
    <ClCompile Include="Chest.cpp">
      <Filter>Game\gameobject\GameObject\Chest</Filter>
    </ClCompile>
    <ClCompile Include="ChestControl.cpp">
      <Filter>Game\gameobject\Control</Filter>
    </ClCompile>
    <ClCompile Include="PlaceHouse.cpp">
      <Filter>Editor\配置管理\Chest</Filter>
    </ClCompile>
    <ClCompile Include="CameraControl.cpp">
      <Filter>Game\gameobject\Control</Filter>
    </ClCompile>
    <ClCompile Include="PlaceCameraPoints.cpp">
      <Filter>Editor\配置管理\CameraPoints</Filter>
    </ClCompile>
    <ClCompile Include="Feed.cpp">
      <Filter>Game</Filter>
    </ClCompile>
    <ClCompile Include="PlayerControl.cpp">
      <Filter>Game\gameobject\Control</Filter>
    </ClCompile>
    <ClCompile Include="BigSword.cpp">
      <Filter>Game\gameobject\GameObject\Sword\派生</Filter>
    </ClCompile>
    <ClCompile Include="SwordBase.cpp">
      <Filter>Game\gameobject\GameObject\Sword\基底</Filter>
    </ClCompile>
    <ClCompile Include="SmallSword.cpp">
      <Filter>Game\gameobject\GameObject\Sword\派生</Filter>
    </ClCompile>
    <ClCompile Include="NormalSword.cpp">
      <Filter>Game\gameobject\GameObject\Sword\派生</Filter>
    </ClCompile>
    <ClCompile Include="BossScene.cpp">
      <Filter>Game\Scene\GameScene</Filter>
    </ClCompile>
    <ClCompile Include="Tutorial.cpp">
      <Filter>Game\Scene\GameScene</Filter>
    </ClCompile>
    <ClCompile Include="Nail.cpp">
      <Filter>Game\gameobject\GameObject\Boss\AttackAction%28State_Pattern%29</Filter>
    </ClCompile>
    <ClCompile Include="BossState.cpp">
      <Filter>Game\gameobject\GameObject\Boss\AttackAction%28State_Pattern%29</Filter>
    </ClCompile>
    <ClCompile Include="EnemyAttackState.cpp">
      <Filter>Game\gameobject\GameObject\Enemy\EnemyAttackSequence\Mob</Filter>
    </ClCompile>
    <ClCompile Include="EnemyFollowState.cpp">
      <Filter>Game\gameobject\GameObject\Enemy\EnemyAttackSequence\Mob</Filter>
    </ClCompile>
    <ClCompile Include="EnemyState.cpp">
      <Filter>Game\gameobject\GameObject\Enemy\EnemyAttackSequence\Mob</Filter>
    </ClCompile>
    <ClCompile Include="EnemyStayState.cpp">
      <Filter>Game\gameobject\GameObject\Enemy\EnemyAttackSequence\Mob</Filter>
    </ClCompile>
    <ClCompile Include="EnemyWalkState.cpp">
      <Filter>Game\gameobject\GameObject\Enemy\EnemyAttackSequence\Mob</Filter>
    </ClCompile>
    <ClCompile Include="BossEnemyAttack.cpp">
      <Filter>Game\gameobject\GameObject\Boss</Filter>
    </ClCompile>
    <ClCompile Include="BossEnemyFollow.cpp">
      <Filter>Game\gameobject\GameObject\Boss</Filter>
    </ClCompile>
    <ClCompile Include="BossEnemyState.cpp">
      <Filter>Game\gameobject\GameObject\Boss</Filter>
    </ClCompile>
    <ClCompile Include="BossEnemyDeath.cpp">
      <Filter>Game\gameobject\GameObject\Boss</Filter>
    </ClCompile>
    <ClCompile Include="BossSpell.cpp">
      <Filter>Game\gameobject\GameObject\Boss\AttackAction%28State_Pattern%29</Filter>
    </ClCompile>
    <ClCompile Include="SelectSword.cpp">
      <Filter>Game\2d %28DebugTxt  Sprite Texture%29\UI\Config</Filter>
    </ClCompile>
    <ClCompile Include="UI.cpp">
      <Filter>Game\2d %28DebugTxt  Sprite Texture%29\UI</Filter>
    </ClCompile>
    <ClCompile Include="CustomButton.cpp">
      <Filter>Game\2d %28DebugTxt  Sprite Texture%29\UI\Config</Filter>
    </ClCompile>
    <ClCompile Include="EnemyDeathState.cpp">
      <Filter>Game\gameobject\GameObject\Enemy\EnemyAttackSequence\Mob</Filter>
    </ClCompile>
    <ClCompile Include="ParticleManager.cpp">
      <Filter>Game\2d %28DebugTxt  Sprite Texture%29\Particle</Filter>
    </ClCompile>
    <ClCompile Include="BossEnemyStay.cpp">
      <Filter>Game\gameobject\GameObject\Boss</Filter>
    </ClCompile>
    <ClCompile Include="EnemyRespawnState.cpp">
      <Filter>Game\gameobject\GameObject\Enemy\EnemyAttackSequence\Mob</Filter>
    </ClCompile>
    <ClCompile Include="Stone.cpp">
      <Filter>Game\gameobject\GameObject\Stone</Filter>
    </ClCompile>
    <ClCompile Include="GrassField.cpp">
      <Filter>Game\gameobject\GameObject\Grass</Filter>
    </ClCompile>
    <ClCompile Include="GrassObj.cpp">
      <Filter>Game\gameobject\GameObject\Grass</Filter>
    </ClCompile>
    <ClCompile Include="PlaceStone.cpp">
      <Filter>Editor\配置管理\Stone</Filter>
    </ClCompile>
    <ClCompile Include="PlaceGrassField.cpp">
      <Filter>Editor\配置管理\Grass</Filter>
    </ClCompile>
    <ClCompile Include="AttackCollision.cpp">
      <Filter>Game\collision</Filter>
    </ClCompile>
    <ClCompile Include="ImageManager.cpp">
      <Filter>Game\2d %28DebugTxt  Sprite Texture%29\sprite</Filter>
    </ClCompile>
    <ClCompile Include="main.cpp">
      <Filter>Game\gameobject\Control</Filter>
    </ClCompile>
    <ClCompile Include="AttackEffect.cpp">
      <Filter>Game\2d %28DebugTxt  Sprite Texture%29\texture</Filter>
    </ClCompile>
    <ClCompile Include="GrassFieldControl.cpp">
      <Filter>Game\gameobject\Control</Filter>
    </ClCompile>
    <ClCompile Include="StoneControl.cpp">
      <Filter>Game\gameobject\Control</Filter>
    </ClCompile>
    <ClCompile Include="TargetMarker.cpp">
      <Filter>Game\2d %28DebugTxt  Sprite Texture%29\UI\HUD</Filter>
    </ClCompile>
    <ClCompile Include="TutorialSprite.cpp">
      <Filter>Game\2d %28DebugTxt  Sprite Texture%29\UI\HUD</Filter>
    </ClCompile>
    <ClCompile Include="DamageManager.cpp">
      <Filter>Game\2d %28DebugTxt  Sprite Texture%29\UI\HUD</Filter>
    </ClCompile>
    <ClCompile Include="ExpPointSystem.cpp">
      <Filter>Game\2d %28DebugTxt  Sprite Texture%29\UI\HUD</Filter>
    </ClCompile>
    <ClCompile Include="BossEnemyEvasion.cpp">
      <Filter>Game\gameobject\GameObject\Boss\AttackAction%28State_Pattern%29</Filter>
    </ClCompile>
    <ClCompile Include="GameOver.cpp">
      <Filter>Game</Filter>
    </ClCompile>
    <ClCompile Include="HouseControl.cpp">
      <Filter>Game\gameobject\Control</Filter>
    </ClCompile>
    <ClCompile Include="BossMap.cpp">
      <Filter>Game\Shader</Filter>
    </ClCompile>
    <ClCompile Include="EnemyKnockState.cpp">
      <Filter>Game\gameobject\GameObject\Enemy\EnemyAttackSequence\Mob</Filter>
    </ClCompile>
    <ClCompile Include="GuardianEnemy.cpp">
      <Filter>Game\gameobject\GameObject\Enemy\Derived</Filter>
    </ClCompile>
    <ClCompile Include="GuardianState.cpp">
      <Filter>Game\gameobject\GameObject\Enemy\EnemyAttackSequence\Guardian\action</Filter>
    </ClCompile>
    <ClCompile Include="GuardianShotAttack.cpp">
      <Filter>Game\gameobject\GameObject\Enemy\EnemyAttackSequence\Guardian\action</Filter>
    </ClCompile>
    <ClCompile Include="GuardianAppearState.cpp">
      <Filter>Game\gameobject\GameObject\Enemy\EnemyAttackSequence\Guardian\Sequence</Filter>
    </ClCompile>
    <ClCompile Include="GuardianBomState.cpp">
      <Filter>Game\gameobject\GameObject\Enemy\EnemyAttackSequence\Guardian\Sequence</Filter>
    </ClCompile>
    <ClCompile Include="GuardianDeathState.cpp">
      <Filter>Game\gameobject\GameObject\Enemy\EnemyAttackSequence\Guardian\Sequence</Filter>
    </ClCompile>
    <ClCompile Include="GuardianFollowState.cpp">
      <Filter>Game\gameobject\GameObject\Enemy\EnemyAttackSequence\Guardian\Sequence</Filter>
    </ClCompile>
    <ClCompile Include="GuardianNAttackState.cpp">
      <Filter>Game\gameobject\GameObject\Enemy\EnemyAttackSequence\Guardian\Sequence</Filter>
    </ClCompile>
    <ClCompile Include="GuardianRushState.cpp">
      <Filter>Game\gameobject\GameObject\Enemy\EnemyAttackSequence\Guardian\Sequence</Filter>
    </ClCompile>
    <ClCompile Include="House.cpp">
      <Filter>Game\gameobject\GameObject\house</Filter>
    </ClCompile>
    <ClCompile Include="WoodBase.cpp">
      <Filter>Game\gameobject\GameObject\Wood</Filter>
    </ClCompile>
    <ClCompile Include="WoodB.cpp">
      <Filter>Game\gameobject\GameObject\Wood</Filter>
    </ClCompile>
    <ClCompile Include="Task.cpp">
      <Filter>Game\2d %28DebugTxt  Sprite Texture%29\UI</Filter>
    </ClCompile>
    <ClCompile Include="DropWeapon.cpp">
      <Filter>Game\2d %28DebugTxt  Sprite Texture%29\UI</Filter>
    </ClCompile>
    <ClCompile Include="GuardianNAttack.cpp">
      <Filter>Game\gameobject\GameObject\Enemy\EnemyAttackSequence\Guardian\action</Filter>
    </ClCompile>
    <ClCompile Include="GuardianFalterState.cpp">
      <Filter>Game\gameobject\GameObject\Enemy\EnemyAttackSequence\Guardian\Sequence</Filter>
    </ClCompile>
    <ClCompile Include="GuardianBomAttack.cpp">
      <Filter>Game\gameobject\GameObject\Enemy\EnemyAttackSequence\Guardian\action</Filter>
    </ClCompile>
    <ClCompile Include="EnemyBeta.cpp">
      <Filter>Game\gameobject\GameObject\Enemy\Derived\beta</Filter>
    </ClCompile>
    <ClCompile Include="ClearScene.cpp">
      <Filter>Game</Filter>
    </ClCompile>
    <ClCompile Include="Particle.cpp">
      <Filter>Game\2d %28DebugTxt  Sprite Texture%29\Particle</Filter>
    </ClCompile>
    <ClCompile Include="BossEnemyAttackUlt.cpp">
      <Filter>Game</Filter>
    </ClCompile>
    <ClCompile Include="BossEnemyAttackThrow.cpp">
      <Filter>Game</Filter>
    </ClCompile>
    <ClCompile Include="ThrowRockAttack.cpp">
      <Filter>Game\gameobject\GameObject\Boss\AttackAction%28State_Pattern%29</Filter>
    </ClCompile>
    <ClCompile Include="BossAttackActionManager.cpp">
      <Filter>Game</Filter>
    </ClCompile>
    <ClCompile Include="CircleAttack.cpp">
      <Filter>Game\gameobject\GameObject\Boss\AttackAction%28State_Pattern%29\FirstHalf\Action\Circle</Filter>
    </ClCompile>
    <ClCompile Include="HalfAttack.cpp">
      <Filter>Game\gameobject\GameObject\Boss\AttackAction%28State_Pattern%29\FirstHalf\Action\Summon</Filter>
    </ClCompile>
    <ClCompile Include="KnockAttack.cpp">
      <Filter>Game\gameobject\GameObject\Boss\AttackAction%28State_Pattern%29\FirstHalf\Action\Cross</Filter>
    </ClCompile>
    <ClCompile Include="BossEnemyAttackCircle.cpp">
      <Filter>Game\gameobject\GameObject\Boss\AttackAction%28State_Pattern%29\FirstHalf\Sequence\Circle</Filter>
    </ClCompile>
    <ClCompile Include="BossEnemyAttackKnock.cpp">
      <Filter>Game\gameobject\GameObject\Boss\AttackAction%28State_Pattern%29\FirstHalf\Sequence\Cross</Filter>
    </ClCompile>
    <ClCompile Include="BossEnemyAttackHalf.cpp">
      <Filter>Game\gameobject\GameObject\Boss\AttackAction%28State_Pattern%29\FirstHalf\Sequence\Summon</Filter>
    </ClCompile>
    <ClCompile Include="BronzeAttack.cpp">
      <Filter>Game\gameobject\GameObject\Boss\AttackAction%28State_Pattern%29\SecondHalf\Action\BronzeBeam</Filter>
    </ClCompile>
    <ClCompile Include="FrontCircleAttack.cpp">
      <Filter>Game\gameobject\GameObject\Boss\AttackAction%28State_Pattern%29\SecondHalf\Action\FrontCircle</Filter>
    </ClCompile>
    <ClCompile Include="RushAttack.cpp">
      <Filter>Game\gameobject\GameObject\Boss\AttackAction%28State_Pattern%29\SecondHalf\Action\Rush</Filter>
    </ClCompile>
    <ClCompile Include="UltAttack.cpp">
      <Filter>Game\gameobject\GameObject\Boss\AttackAction%28State_Pattern%29\SecondHalf\Action\Ultimate</Filter>
    </ClCompile>
    <ClCompile Include="BossEnemyAttackRush.cpp">
      <Filter>Game\gameobject\GameObject\Boss\AttackAction%28State_Pattern%29\SecondHalf\Sequence\Rush</Filter>
    </ClCompile>
    <ClCompile Include="BossEnemyAttackBrzBeam.cpp">
      <Filter>Game\gameobject\GameObject\Boss\AttackAction%28State_Pattern%29\SecondHalf\Sequence\BronzeBeam</Filter>
    </ClCompile>
    <ClCompile Include="BossEnemyAttackSlam.cpp">
      <Filter>Game\gameobject\GameObject\Boss\AttackAction%28State_Pattern%29\SecondHalf\Sequence\FrontCircle</Filter>
    </ClCompile>
  </ItemGroup>
  <ItemGroup>
    <ClInclude Include="Sprite.h">
      <Filter>Game\2d %28DebugTxt  Sprite Texture%29\sprite</Filter>
    </ClInclude>
    <ClInclude Include="DebugTxt.h">
      <Filter>Game\2d %28DebugTxt  Sprite Texture%29\sprite</Filter>
    </ClInclude>
    <ClInclude Include="PostEffect.h">
      <Filter>Game\2d %28DebugTxt  Sprite Texture%29\posteffect</Filter>
    </ClInclude>
    <ClInclude Include="Texture.h">
      <Filter>Game\2d %28DebugTxt  Sprite Texture%29\texture</Filter>
    </ClInclude>
    <ClInclude Include="f_Model.h">
      <Filter>Game\3d %28Model  Obj  Fbx%29\fbx</Filter>
    </ClInclude>
    <ClInclude Include="f_Object3d.h">
      <Filter>Game\3d %28Model  Obj  Fbx%29\fbx</Filter>
    </ClInclude>
    <ClInclude Include="FbxLoader.h">
      <Filter>Game\3d %28Model  Obj  Fbx%29\fbx</Filter>
    </ClInclude>
    <ClInclude Include="Material.h">
      <Filter>Game\3d %28Model  Obj  Fbx%29\obj</Filter>
    </ClInclude>
    <ClInclude Include="Mesh.h">
      <Filter>Game\3d %28Model  Obj  Fbx%29\obj</Filter>
    </ClInclude>
    <ClInclude Include="Model.h">
      <Filter>Game\3d %28Model  Obj  Fbx%29\obj</Filter>
    </ClInclude>
    <ClInclude Include="Object3d.h">
      <Filter>Game\3d %28Model  Obj  Fbx%29\obj</Filter>
    </ClInclude>
    <ClInclude Include="Audio.h">
      <Filter>Game\base %28Dxcmn  Winapp  Input%29\audio</Filter>
    </ClInclude>
    <ClInclude Include="DirectXCommon.h">
      <Filter>Game\base %28Dxcmn  Winapp  Input%29</Filter>
    </ClInclude>
    <ClInclude Include="Input.h">
      <Filter>Game\base %28Dxcmn  Winapp  Input%29</Filter>
    </ClInclude>
    <ClInclude Include="DebugCamera.h">
      <Filter>Game\gameobject\camera</Filter>
    </ClInclude>
    <ClInclude Include="Camera.h">
      <Filter>Game\gameobject\camera</Filter>
    </ClInclude>
    <ClInclude Include="CollisionTypes.h">
      <Filter>Game\collision</Filter>
    </ClInclude>
    <ClInclude Include="CollisionInfo.h">
      <Filter>Game\collision</Filter>
    </ClInclude>
    <ClInclude Include="CollisionPrimitive.h">
      <Filter>Game\collision</Filter>
    </ClInclude>
    <ClInclude Include="BaseCollider.h">
      <Filter>Game\collision</Filter>
    </ClInclude>
    <ClInclude Include="Collision.h">
      <Filter>Game\collision</Filter>
    </ClInclude>
    <ClInclude Include="SphereCollider.h">
      <Filter>Game\collision</Filter>
    </ClInclude>
    <ClInclude Include="Framework.h">
      <Filter>Game\Scene\framework</Filter>
    </ClInclude>
    <ClInclude Include="SceneManager.h">
      <Filter>Game\Scene\SceneManager</Filter>
    </ClInclude>
    <ClInclude Include="MyGame.h">
      <Filter>Game\Scene\basescene</Filter>
    </ClInclude>
    <ClInclude Include="TitleScene.h">
      <Filter>Game\Scene\GameScene</Filter>
    </ClInclude>
    <ClInclude Include="PlayScene.h">
      <Filter>Game\Scene\GameScene</Filter>
    </ClInclude>
    <ClInclude Include="BaseScene.h">
      <Filter>Game\Scene\basescene</Filter>
    </ClInclude>
    <ClInclude Include="DirectionalLight.h">
      <Filter>Game\gameobject\light</Filter>
    </ClInclude>
    <ClInclude Include="PointLight.h">
      <Filter>Game\gameobject\light</Filter>
    </ClInclude>
    <ClInclude Include="SpotLight.h">
      <Filter>Game\gameobject\light</Filter>
    </ClInclude>
    <ClInclude Include="LightGroup.h">
      <Filter>Game\gameobject\light</Filter>
    </ClInclude>
    <ClInclude Include="Player.h">
      <Filter>Game\gameobject\GameObject\Player</Filter>
    </ClInclude>
    <ClInclude Include="BossEnemy.h">
      <Filter>Game\gameobject\GameObject\Enemy\Derived</Filter>
    </ClInclude>
    <ClInclude Include="Enemy.h">
      <Filter>Game\gameobject\GameObject\Enemy\Base</Filter>
    </ClInclude>
    <ClInclude Include="MobEnemy.h">
      <Filter>Game\gameobject\GameObject\Enemy\Derived</Filter>
    </ClInclude>
    <ClInclude Include="MeshCollider.h">
      <Filter>Game\collision</Filter>
    </ClInclude>
    <ClInclude Include="CollisionManager.h">
      <Filter>Game\collision</Filter>
    </ClInclude>
    <ClInclude Include="RaycastHit.h">
      <Filter>Game\collision</Filter>
    </ClInclude>
    <ClInclude Include="TouchableObject.h">
      <Filter>Game\collision</Filter>
    </ClInclude>
    <ClInclude Include="CollisionAttribute.h">
      <Filter>Game\collision</Filter>
    </ClInclude>
    <ClInclude Include="mHelper.h">
      <Filter>Game\Shader</Filter>
    </ClInclude>
    <ClInclude Include="EnemyAlpha.h">
      <Filter>Game\gameobject\GameObject\Enemy\Derived\alpha</Filter>
    </ClInclude>
    <ClInclude Include="ModelManager.h">
      <Filter>Game\3d %28Model  Obj  Fbx%29</Filter>
    </ClInclude>
    <ClInclude Include="QueryCallback.h">
      <Filter>Game\collision</Filter>
    </ClInclude>
    <ClInclude Include="HUD.h">
      <Filter>Game\2d %28DebugTxt  Sprite Texture%29\UI\HUD</Filter>
    </ClInclude>
    <ClInclude Include="MapCreateScene.h">
      <Filter>Editor</Filter>
    </ClInclude>
    <ClInclude Include="MapCreate.h">
      <Filter>Editor</Filter>
    </ClInclude>
    <ClInclude Include="Field.h">
      <Filter>Game\gameobject\GameObject\Field</Filter>
    </ClInclude>
    <ClInclude Include="Destroy.h">
      <Filter>Game</Filter>
    </ClInclude>
    <ClInclude Include="ConfigSprite.h">
      <Filter>Game\2d %28DebugTxt  Sprite Texture%29\UI\Config</Filter>
    </ClInclude>
    <ClInclude Include="SistemConfig.h">
      <Filter>Game\2d %28DebugTxt  Sprite Texture%29\UI\Config</Filter>
    </ClInclude>
    <ClInclude Include="PlayerAttackState.h">
      <Filter>Game\gameobject\GameObject\Player</Filter>
    </ClInclude>
    <ClInclude Include="Wood.h">
      <Filter>Game\gameobject\GameObject\Wood</Filter>
    </ClInclude>
    <ClInclude Include="AreaFence.h">
      <Filter>Game\gameobject\GameObject\Fence</Filter>
    </ClInclude>
    <ClInclude Include="CreateObjManager.h">
      <Filter>Editor\配置管理\PlaceManager</Filter>
    </ClInclude>
    <ClInclude Include="PlaceWood.h">
      <Filter>Editor\配置管理\Wood</Filter>
    </ClInclude>
    <ClInclude Include="PlaceFence.h">
      <Filter>Editor\配置管理\Fence</Filter>
    </ClInclude>
    <ClInclude Include="PlaceEnemy.h">
      <Filter>Editor\配置管理\Enemy</Filter>
    </ClInclude>
    <ClInclude Include="EnemyControl.h">
      <Filter>Game\gameobject\Control</Filter>
    </ClInclude>
    <ClInclude Include="FenceControl.h">
      <Filter>Game\gameobject\Control</Filter>
    </ClInclude>
    <ClInclude Include="ControlBase.h">
      <Filter>Game\gameobject\Control</Filter>
    </ClInclude>
    <ClInclude Include="WoodControl.h">
      <Filter>Game\gameobject\Control</Filter>
    </ClInclude>
    <ClInclude Include="ObjectManager.h">
      <Filter>Game\gameobject</Filter>
    </ClInclude>
    <ClInclude Include="Chest.h">
      <Filter>Game\gameobject\GameObject\Chest</Filter>
    </ClInclude>
    <ClInclude Include="ChestControl.h">
      <Filter>Game\gameobject\Control</Filter>
    </ClInclude>
    <ClInclude Include="PlaceHouse.h">
      <Filter>Editor\配置管理\Chest</Filter>
    </ClInclude>
    <ClInclude Include="CameraControl.h">
      <Filter>Game\gameobject\Control</Filter>
    </ClInclude>
    <ClInclude Include="PlaceCameraPoints.h">
      <Filter>Editor\配置管理\CameraPoints</Filter>
    </ClInclude>
    <ClInclude Include="Feed.h">
      <Filter>Game\Shader</Filter>
    </ClInclude>
    <ClInclude Include="SwordBase.h">
      <Filter>Game\gameobject\GameObject\Sword\基底</Filter>
    </ClInclude>
    <ClInclude Include="BigSword.h">
      <Filter>Game\gameobject\GameObject\Sword\派生</Filter>
    </ClInclude>
    <ClInclude Include="SmallSword.h">
      <Filter>Game\gameobject\GameObject\Sword\派生</Filter>
    </ClInclude>
    <ClInclude Include="NormalSword.h">
      <Filter>Game\gameobject\GameObject\Sword\派生</Filter>
    </ClInclude>
    <ClInclude Include="BossScene.h">
      <Filter>Game\Scene\GameScene</Filter>
    </ClInclude>
    <ClInclude Include="Tutorial.h">
      <Filter>Game\Scene\GameScene</Filter>
    </ClInclude>
    <ClInclude Include="Nail.h">
      <Filter>Game\gameobject\GameObject\Boss\AttackAction%28State_Pattern%29</Filter>
    </ClInclude>
    <ClInclude Include="BossState.h">
      <Filter>Game\gameobject\GameObject\Boss\AttackAction%28State_Pattern%29</Filter>
    </ClInclude>
    <ClInclude Include="EnemyAttackState.h">
      <Filter>Game\gameobject\GameObject\Enemy\EnemyAttackSequence\Mob</Filter>
    </ClInclude>
    <ClInclude Include="EnemyFollowState.h">
      <Filter>Game\gameobject\GameObject\Enemy\EnemyAttackSequence\Mob</Filter>
    </ClInclude>
    <ClInclude Include="EnemyState.h">
      <Filter>Game\gameobject\GameObject\Enemy\EnemyAttackSequence\Mob</Filter>
    </ClInclude>
    <ClInclude Include="EnemyStayState.h">
      <Filter>Game\gameobject\GameObject\Enemy\EnemyAttackSequence\Mob</Filter>
    </ClInclude>
    <ClInclude Include="EnemyWalkState.h">
      <Filter>Game\gameobject\GameObject\Enemy\EnemyAttackSequence\Mob</Filter>
    </ClInclude>
    <ClInclude Include="BossEnemyAttack.h">
      <Filter>Game\gameobject\GameObject\Boss</Filter>
    </ClInclude>
    <ClInclude Include="BossEnemyFollow.h">
      <Filter>Game\gameobject\GameObject\Boss</Filter>
    </ClInclude>
    <ClInclude Include="BossEnemyState.h">
      <Filter>Game\gameobject\GameObject\Boss</Filter>
    </ClInclude>
    <ClInclude Include="BossEnemyDeath.h">
      <Filter>Game\gameobject\GameObject\Boss</Filter>
    </ClInclude>
    <ClInclude Include="BossSpell.h">
      <Filter>Game\gameobject\GameObject\Boss\AttackAction%28State_Pattern%29</Filter>
    </ClInclude>
    <ClInclude Include="FieldCollision.h">
      <Filter>Game\collision</Filter>
    </ClInclude>
    <ClInclude Include="SelectSword.h">
      <Filter>Game\2d %28DebugTxt  Sprite Texture%29\UI\Config</Filter>
    </ClInclude>
    <ClInclude Include="CustomButton.h">
      <Filter>Game\2d %28DebugTxt  Sprite Texture%29\UI\Config</Filter>
    </ClInclude>
    <ClInclude Include="EnemyDeathState.h">
      <Filter>Game\gameobject\GameObject\Enemy\EnemyAttackSequence\Mob</Filter>
    </ClInclude>
    <ClInclude Include="ParticleManager.h">
      <Filter>Game\2d %28DebugTxt  Sprite Texture%29\Particle</Filter>
    </ClInclude>
    <ClInclude Include="BossEnemyStay.h">
      <Filter>Game\gameobject\GameObject\Boss</Filter>
    </ClInclude>
    <ClInclude Include="EnemyRespawnState.h">
      <Filter>Game\gameobject\GameObject\Enemy\EnemyAttackSequence\Mob</Filter>
    </ClInclude>
    <ClInclude Include="PlayerControl.h">
      <Filter>Game\gameobject\Control</Filter>
    </ClInclude>
    <ClInclude Include="CircleShadow.h">
      <Filter>Game\gameobject\light</Filter>
    </ClInclude>
    <ClInclude Include="Stone.h">
      <Filter>Game\gameobject\GameObject\Stone</Filter>
    </ClInclude>
    <ClInclude Include="GrassObj.h">
      <Filter>Game\gameobject\GameObject\Grass</Filter>
    </ClInclude>
    <ClInclude Include="GrassField.h">
      <Filter>Game\gameobject\GameObject\Grass</Filter>
    </ClInclude>
    <ClInclude Include="PlaceStone.h">
      <Filter>Editor\配置管理\Stone</Filter>
    </ClInclude>
    <ClInclude Include="PlaceGrassField.h">
      <Filter>Editor\配置管理\Grass</Filter>
    </ClInclude>
    <ClInclude Include="AttackCollision.h">
      <Filter>Game\collision</Filter>
    </ClInclude>
    <ClInclude Include="ImageManager.h">
      <Filter>Game\2d %28DebugTxt  Sprite Texture%29\sprite</Filter>
    </ClInclude>
    <ClInclude Include="GrassFieldControl.h">
      <Filter>Game\gameobject\Control</Filter>
    </ClInclude>
    <ClInclude Include="StoneControl.h">
      <Filter>Game\gameobject\Control</Filter>
    </ClInclude>
    <ClInclude Include="TargetMarker.h">
      <Filter>Game\2d %28DebugTxt  Sprite Texture%29\UI\HUD</Filter>
    </ClInclude>
    <ClInclude Include="TutorialSprite.h">
      <Filter>Game\2d %28DebugTxt  Sprite Texture%29\UI\HUD</Filter>
    </ClInclude>
    <ClInclude Include="DamageManager.h">
      <Filter>Game\2d %28DebugTxt  Sprite Texture%29\UI\HUD</Filter>
    </ClInclude>
    <ClInclude Include="ExpPointSystem.h">
      <Filter>Game\2d %28DebugTxt  Sprite Texture%29\UI\HUD</Filter>
    </ClInclude>
    <ClInclude Include="AttackEffect.h">
      <Filter>Game\2d %28DebugTxt  Sprite Texture%29\UI\HUD</Filter>
    </ClInclude>
    <ClInclude Include="BossEnemyEvasion.h">
      <Filter>Game\gameobject\GameObject\Boss\AttackAction%28State_Pattern%29</Filter>
    </ClInclude>
    <ClInclude Include="WinApp.h">
      <Filter>Game\collision</Filter>
    </ClInclude>
    <ClInclude Include="GameOver.h">
      <Filter>Game\Shader</Filter>
    </ClInclude>
    <ClInclude Include="HouseControl.h">
      <Filter>Game\gameobject\Control</Filter>
    </ClInclude>
    <ClInclude Include="BossMap.h">
      <Filter>Game\Shader</Filter>
    </ClInclude>
    <ClInclude Include="EnemyKnockState.h">
      <Filter>Game\gameobject\GameObject\Enemy\EnemyAttackSequence\Mob</Filter>
    </ClInclude>
    <ClInclude Include="UI.h">
      <Filter>Game\2d %28DebugTxt  Sprite Texture%29\UI</Filter>
    </ClInclude>
    <ClInclude Include="GuardianEnemy.h">
      <Filter>Game\gameobject\GameObject\Enemy\Derived</Filter>
    </ClInclude>
    <ClInclude Include="GuardianState.h">
      <Filter>Game\gameobject\GameObject\Enemy\EnemyAttackSequence\Guardian\action</Filter>
    </ClInclude>
    <ClInclude Include="GuardianShotAttack.h">
      <Filter>Game\gameobject\GameObject\Enemy\EnemyAttackSequence\Guardian\action</Filter>
    </ClInclude>
    <ClInclude Include="GuardianNAttack.h">
      <Filter>Game\gameobject\GameObject\Enemy\EnemyAttackSequence\Guardian\action</Filter>
    </ClInclude>
    <ClInclude Include="GuardianBomAttack.h">
      <Filter>Game\gameobject\GameObject\Enemy\EnemyAttackSequence\Guardian\action</Filter>
    </ClInclude>
    <ClInclude Include="GuardianAppearState.h">
      <Filter>Game\gameobject\GameObject\Enemy\EnemyAttackSequence\Guardian\Sequence</Filter>
    </ClInclude>
    <ClInclude Include="GuardianBomState.h">
      <Filter>Game\gameobject\GameObject\Enemy\EnemyAttackSequence\Guardian\Sequence</Filter>
    </ClInclude>
    <ClInclude Include="GuardianDeathState.h">
      <Filter>Game\gameobject\GameObject\Enemy\EnemyAttackSequence\Guardian\Sequence</Filter>
    </ClInclude>
    <ClInclude Include="GuardianFollowState.h">
      <Filter>Game\gameobject\GameObject\Enemy\EnemyAttackSequence\Guardian\Sequence</Filter>
    </ClInclude>
    <ClInclude Include="GuardianNAttackState.h">
      <Filter>Game\gameobject\GameObject\Enemy\EnemyAttackSequence\Guardian\Sequence</Filter>
    </ClInclude>
    <ClInclude Include="GuardianRushState.h">
      <Filter>Game\gameobject\GameObject\Enemy\EnemyAttackSequence\Guardian\Sequence</Filter>
    </ClInclude>
    <ClInclude Include="House.h">
      <Filter>Game\gameobject\GameObject\house</Filter>
    </ClInclude>
    <ClInclude Include="WoodBase.h">
      <Filter>Game\gameobject\GameObject\Wood</Filter>
    </ClInclude>
    <ClInclude Include="WoodB.h">
      <Filter>Game\gameobject\GameObject\Wood</Filter>
    </ClInclude>
    <ClInclude Include="DropWeapon.h">
      <Filter>Game\2d %28DebugTxt  Sprite Texture%29\UI</Filter>
    </ClInclude>
    <ClInclude Include="Task.h">
      <Filter>Game\2d %28DebugTxt  Sprite Texture%29\UI</Filter>
    </ClInclude>
    <ClInclude Include="GuardianFalterState.h">
      <Filter>Game\gameobject\GameObject\Enemy\EnemyAttackSequence\Guardian\Sequence</Filter>
    </ClInclude>
    <ClInclude Include="EnemyBeta.h">
      <Filter>Game\gameobject\GameObject\Enemy\Derived\beta</Filter>
    </ClInclude>
    <ClInclude Include="ClearScene.h">
      <Filter>Game\Shader</Filter>
    </ClInclude>
    <ClInclude Include="Particle.h">
      <Filter>Game\2d %28DebugTxt  Sprite Texture%29\Particle</Filter>
    </ClInclude>
    <ClInclude Include="BossEnemyAttackUlt.h">
      <Filter>Game\Shader</Filter>
    </ClInclude>
    <ClInclude Include="BossEnemyAttackThrow.h">
      <Filter>Game\Shader</Filter>
    </ClInclude>
    <ClInclude Include="ThrowRockAttack.h">
      <Filter>Game\gameobject\GameObject\Boss\AttackAction%28State_Pattern%29</Filter>
    </ClInclude>
    <ClInclude Include="BossAttackActionManager.h">
      <Filter>Game\Shader</Filter>
    </ClInclude>
    <ClInclude Include="CircleAttack.h">
      <Filter>Game\gameobject\GameObject\Boss\AttackAction%28State_Pattern%29\FirstHalf\Action\Circle</Filter>
    </ClInclude>
    <ClInclude Include="HalfAttack.h">
      <Filter>Game\gameobject\GameObject\Boss\AttackAction%28State_Pattern%29\FirstHalf\Action\Summon</Filter>
    </ClInclude>
    <ClInclude Include="KnockAttack.h">
      <Filter>Game\gameobject\GameObject\Boss\AttackAction%28State_Pattern%29\FirstHalf\Action\Cross</Filter>
    </ClInclude>
    <ClInclude Include="BossEnemyAttackCircle.h">
      <Filter>Game\gameobject\GameObject\Boss\AttackAction%28State_Pattern%29\FirstHalf\Sequence\Circle</Filter>
    </ClInclude>
    <ClInclude Include="BossEnemyAttackKnock.h">
      <Filter>Game\gameobject\GameObject\Boss\AttackAction%28State_Pattern%29\FirstHalf\Sequence\Cross</Filter>
    </ClInclude>
    <ClInclude Include="BossEnemyAttackHalf.h">
      <Filter>Game\gameobject\GameObject\Boss\AttackAction%28State_Pattern%29\FirstHalf\Sequence\Summon</Filter>
    </ClInclude>
    <ClInclude Include="BronzeAttack.h">
      <Filter>Game\gameobject\GameObject\Boss\AttackAction%28State_Pattern%29\SecondHalf\Action\BronzeBeam</Filter>
    </ClInclude>
    <ClInclude Include="FrontCircleAttack.h">
      <Filter>Game\gameobject\GameObject\Boss\AttackAction%28State_Pattern%29\SecondHalf\Action\FrontCircle</Filter>
    </ClInclude>
    <ClInclude Include="RushAttack.h">
      <Filter>Game\gameobject\GameObject\Boss\AttackAction%28State_Pattern%29\SecondHalf\Action\Rush</Filter>
    </ClInclude>
    <ClInclude Include="UltAttack.h">
      <Filter>Game\gameobject\GameObject\Boss\AttackAction%28State_Pattern%29\SecondHalf\Action\Ultimate</Filter>
    </ClInclude>
    <ClInclude Include="BossEnemyAttackRush.h">
      <Filter>Game\gameobject\GameObject\Boss\AttackAction%28State_Pattern%29\SecondHalf\Sequence\Rush</Filter>
    </ClInclude>
    <ClInclude Include="BossEnemyAttackBrzBeam.h">
      <Filter>Game\gameobject\GameObject\Boss\AttackAction%28State_Pattern%29\SecondHalf\Sequence\BronzeBeam</Filter>
    </ClInclude>
    <ClInclude Include="BossEnemyAttackSlam.h">
      <Filter>Game\gameobject\GameObject\Boss\AttackAction%28State_Pattern%29\SecondHalf\Sequence\FrontCircle</Filter>
    </ClInclude>
  </ItemGroup>
  <ItemGroup>
    <FxCompile Include="Resources\Shader\BasicGS.hlsl">
      <Filter>Game\シェーダー</Filter>
    </FxCompile>
    <FxCompile Include="Resources\Shader\BasicPS.hlsl">
      <Filter>Game\シェーダー</Filter>
    </FxCompile>
    <FxCompile Include="Resources\Shader\BasicVS.hlsl">
      <Filter>Game\シェーダー</Filter>
    </FxCompile>
    <FxCompile Include="Resources\Shader\FBXPS.hlsl">
      <Filter>Game\シェーダー\Fbx</Filter>
    </FxCompile>
    <FxCompile Include="Resources\Shader\FBXVS.hlsl">
      <Filter>Game\シェーダー\Fbx</Filter>
    </FxCompile>
    <FxCompile Include="Resources\Shader\ParticleGS.hlsl">
      <Filter>Game\シェーダー\Particle</Filter>
    </FxCompile>
    <FxCompile Include="Resources\Shader\ParticleVS.hlsl">
      <Filter>Game\シェーダー\Particle</Filter>
    </FxCompile>
    <FxCompile Include="Resources\Shader\ParticlePS.hlsl">
      <Filter>Game\シェーダー\Particle</Filter>
    </FxCompile>
    <FxCompile Include="Resources\Shader\Object3dVS.hlsl">
      <Filter>Game\シェーダー\Object</Filter>
    </FxCompile>
    <FxCompile Include="Resources\Shader\Object3dPS.hlsl">
      <Filter>Game\シェーダー\Object</Filter>
    </FxCompile>
    <FxCompile Include="Resources\Shader\SpritePS.hlsl">
      <Filter>Game\シェーダー\Sprite</Filter>
    </FxCompile>
    <FxCompile Include="Resources\Shader\TexturePS.hlsl">
      <Filter>Game\シェーダー\Tex</Filter>
    </FxCompile>
    <FxCompile Include="Resources\Shader\SpriteVS.hlsl">
      <Filter>Game\シェーダー\Sprite</Filter>
    </FxCompile>
    <FxCompile Include="Resources\Shader\PostEffectTestPS.hlsl">
      <Filter>Game\シェーダー\PostEffect</Filter>
    </FxCompile>
    <FxCompile Include="Resources\Shader\PostEffectTestVS.hlsl">
      <Filter>Game\シェーダー\PostEffect</Filter>
    </FxCompile>
    <FxCompile Include="Resources\Shader\BlurVS.hlsl">
      <Filter>Game\シェーダー\PostEffect</Filter>
    </FxCompile>
    <FxCompile Include="Resources\Shader\BlurPS.hlsl">
      <Filter>Game\シェーダー\PostEffect</Filter>
    </FxCompile>
    <FxCompile Include="Resources\Shader\MiniMapPS.hlsl">
      <Filter>Game\シェーダー</Filter>
    </FxCompile>
    <FxCompile Include="Resources\Shader\MiniMapVS.hlsl">
      <Filter>Game\シェーダー</Filter>
    </FxCompile>
    <FxCompile Include="Resources\Shader\GrassGS.hlsl">
      <Filter>Game\シェーダー</Filter>
    </FxCompile>
    <FxCompile Include="Resources\Shader\GrassPS.hlsl">
      <Filter>Game\シェーダー</Filter>
    </FxCompile>
    <FxCompile Include="Resources\Shader\GrassVS.hlsl">
      <Filter>Game\シェーダー</Filter>
    </FxCompile>
    <FxCompile Include="Resources\Shader\TextureVS.hlsl">
      <Filter>Game\シェーダー\Tex</Filter>
    </FxCompile>
  </ItemGroup>
  <ItemGroup>
    <None Include="Resources\Shader\Header.hlsli">
      <Filter>Game\シェーダー</Filter>
    </None>
    <None Include="Resources\Shader\FBX.hlsli">
      <Filter>Game\シェーダー\Fbx</Filter>
    </None>
    <None Include="Resources\Shader\Particle.hlsli">
      <Filter>Game\シェーダー\Particle</Filter>
    </None>
    <None Include="Resources\Shader\Object3d.hlsli">
      <Filter>Game\シェーダー\Object</Filter>
    </None>
    <None Include="Resources\Shader\Sprite.hlsli">
      <Filter>Game\シェーダー\Sprite</Filter>
    </None>
    <None Include="Resources\Shader\Texture.hlsli">
      <Filter>Game\シェーダー\Tex</Filter>
    </None>
    <None Include="Resources\Shader\PostEffectTest.hlsli">
      <Filter>Game\シェーダー\PostEffect</Filter>
    </None>
    <None Include="Resources\Shader\Blur.hlsli">
      <Filter>Game\シェーダー\PostEffect</Filter>
    </None>
    <None Include="Resources\Shader\MiniMap.hlsli">
      <Filter>Game\シェーダー</Filter>
    </None>
    <None Include="Resources\Shader\Grass.hlsli">
      <Filter>Game\シェーダー</Filter>
    </None>
  </ItemGroup>
</Project>