<?xml version="1.0" encoding="utf-8"?>
<Project ToolsVersion="4.0" xmlns="http://schemas.microsoft.com/developer/msbuild/2003">
  <ItemGroup>
    <Filter Include="リソース ファイル">
      <UniqueIdentifier>{67DA6AB6-F800-4c08-8B7A-83BB121AAD01}</UniqueIdentifier>
      <Extensions>rc;ico;cur;bmp;dlg;rc2;rct;bin;rgs;gif;jpg;jpeg;jpe;resx;tiff;tif;png;wav;mfcribbon-ms</Extensions>
    </Filter>
    <Filter Include="Editor">
      <UniqueIdentifier>{fc7a5df8-2857-43db-89dd-fb1a86e32698}</UniqueIdentifier>
    </Filter>
    <Filter Include="ヘッダー ファイル">
      <UniqueIdentifier>{93995380-89BD-4b04-88EB-625FBE52EBFB}</UniqueIdentifier>
      <Extensions>h;hh;hpp;hxx;h++;hm;inl;inc;ipp;xsd</Extensions>
    </Filter>
    <Filter Include="Editor\配置管理">
      <UniqueIdentifier>{827fe566-6788-49a5-a4b4-41e4680b1b18}</UniqueIdentifier>
    </Filter>
    <Filter Include="Editor\配置管理\配置管理%28基底%29">
      <UniqueIdentifier>{8b70acb0-a16e-4816-923c-87b06e9be80e}</UniqueIdentifier>
    </Filter>
    <Filter Include="Editor\配置管理\木">
      <UniqueIdentifier>{7654b652-08a8-4952-a1df-e51d4d1f5131}</UniqueIdentifier>
    </Filter>
    <Filter Include="Editor\配置管理\フェンス">
      <UniqueIdentifier>{79bfb59c-0748-41da-bda3-2801e2b01cd4}</UniqueIdentifier>
    </Filter>
    <Filter Include="Editor\配置管理\敵">
      <UniqueIdentifier>{4a80af31-86c4-427f-a61a-d3c249b08ff3}</UniqueIdentifier>
    </Filter>
    <Filter Include="Game">
      <UniqueIdentifier>{4FC737F1-C7A5-4376-A066-2A32D752A2FF}</UniqueIdentifier>
      <Extensions>cpp;c;cc;cxx;c++;cppm;ixx;def;odl;idl;hpj;bat;asm;asmx</Extensions>
    </Filter>
    <Filter Include="Game\2d %28DebugTxt  Sprite Texture%29">
      <UniqueIdentifier>{89448607-1f71-4fa2-81d3-a098497fd03e}</UniqueIdentifier>
    </Filter>
    <Filter Include="Game\2d %28DebugTxt  Sprite Texture%29\sprite">
      <UniqueIdentifier>{c35e7984-0336-4ead-98e9-4c5d055a7d42}</UniqueIdentifier>
    </Filter>
    <Filter Include="Game\2d %28DebugTxt  Sprite Texture%29\texture">
      <UniqueIdentifier>{3e806fd0-a6b2-4fe8-bf08-baafb4aac7a9}</UniqueIdentifier>
    </Filter>
    <Filter Include="Game\2d %28DebugTxt  Sprite Texture%29\posteffect">
      <UniqueIdentifier>{3aec48ac-9748-421e-b3b2-330ac8332409}</UniqueIdentifier>
    </Filter>
    <Filter Include="Game\3d %28Model  Obj  Fbx%29">
      <UniqueIdentifier>{c85e5191-d41d-42d7-965e-2909d1472162}</UniqueIdentifier>
    </Filter>
    <Filter Include="Game\3d %28Model  Obj  Fbx%29\fbx">
      <UniqueIdentifier>{ba43dd49-6aa5-4fff-8b68-8672c915be4d}</UniqueIdentifier>
    </Filter>
    <Filter Include="Game\3d %28Model  Obj  Fbx%29\obj">
      <UniqueIdentifier>{7f66ef81-f622-425c-85f0-bc4fc79503dd}</UniqueIdentifier>
    </Filter>
    <Filter Include="Game\base %28Dxcmn  Winapp  Input%29">
      <UniqueIdentifier>{d329b92f-f1df-4fd0-8987-7702493d45c0}</UniqueIdentifier>
    </Filter>
    <Filter Include="Game\base %28Dxcmn  Winapp  Input%29\audio">
      <UniqueIdentifier>{3a331b0b-7e8a-4e0c-b7a3-7b527867ea08}</UniqueIdentifier>
    </Filter>
    <Filter Include="Game\collision">
      <UniqueIdentifier>{a5d15daa-90ff-4b7f-a438-af2ba141053a}</UniqueIdentifier>
    </Filter>
    <Filter Include="Game\Scene">
      <UniqueIdentifier>{71571380-9e3e-4eae-8be2-8821f123a3af}</UniqueIdentifier>
    </Filter>
    <Filter Include="Game\Scene\title,play">
      <UniqueIdentifier>{1c29f6ca-2414-4584-bc7f-019dad1dc8ef}</UniqueIdentifier>
    </Filter>
    <Filter Include="Game\Scene\basescene">
      <UniqueIdentifier>{ba3e160d-6499-4593-ad7e-388c395ab9f1}</UniqueIdentifier>
    </Filter>
    <Filter Include="Game\Scene\SceneManager">
      <UniqueIdentifier>{56fcbf9e-9fe0-4faa-aa45-1615c0d8fd02}</UniqueIdentifier>
    </Filter>
    <Filter Include="Game\Scene\framework">
      <UniqueIdentifier>{a1bad7c0-fa12-4aaf-8391-fafcad7f2b9f}</UniqueIdentifier>
    </Filter>
    <Filter Include="Game\gameobject">
      <UniqueIdentifier>{21df807f-5c3c-43d9-9a7d-fa929d490fa6}</UniqueIdentifier>
    </Filter>
    <Filter Include="Game\gameobject\Effect">
      <UniqueIdentifier>{cde7b5c8-229f-4dbe-af23-76f702f8ffbc}</UniqueIdentifier>
    </Filter>
    <Filter Include="Game\gameobject\Player">
      <UniqueIdentifier>{82a94310-85ef-4641-b334-083a5d0e8f8f}</UniqueIdentifier>
    </Filter>
    <Filter Include="Game\gameobject\Enemy">
      <UniqueIdentifier>{44632ff4-800b-42a1-b3ca-1a2202c89452}</UniqueIdentifier>
    </Filter>
    <Filter Include="Game\gameobject\Enemy\派生クラス">
      <UniqueIdentifier>{fea36ed0-c819-4898-a60b-a019703658a8}</UniqueIdentifier>
    </Filter>
    <Filter Include="Game\gameobject\Enemy\派生クラス\alpha">
      <UniqueIdentifier>{f0dec463-be94-4bfc-b8b2-176a68a0c9a8}</UniqueIdentifier>
    </Filter>
    <Filter Include="Game\gameobject\Enemy\派生クラス\beta">
      <UniqueIdentifier>{c0e73475-3619-4d59-a88e-9f7e90387ec6}</UniqueIdentifier>
    </Filter>
    <Filter Include="Game\gameobject\Enemy\派生クラス\cammma">
      <UniqueIdentifier>{203e1d72-7537-4c8e-b44e-70a33f8619b5}</UniqueIdentifier>
    </Filter>
    <Filter Include="Game\gameobject\Enemy\敵の行動遷移">
      <UniqueIdentifier>{0bf36934-c558-4f7c-b477-238364207591}</UniqueIdentifier>
    </Filter>
    <Filter Include="Game\gameobject\Enemy\Behavior">
      <UniqueIdentifier>{ccede856-fc9f-467c-ac4e-4119ac75945e}</UniqueIdentifier>
    </Filter>
    <Filter Include="Game\gameobject\Enemy\Behavior\NewFilter1">
      <UniqueIdentifier>{f68aec14-0133-485a-8493-f739f8943ce1}</UniqueIdentifier>
    </Filter>
    <Filter Include="Game\gameobject\Enemy\基底クラス">
      <UniqueIdentifier>{ffb227aa-a1e9-49e1-a3c2-fa58367f9f19}</UniqueIdentifier>
    </Filter>
    <Filter Include="Game\gameobject\Field">
      <UniqueIdentifier>{73610235-772e-4e34-a679-8aa9b69c88a4}</UniqueIdentifier>
    </Filter>
    <Filter Include="Game\gameobject\Wood">
      <UniqueIdentifier>{1e53207f-98d4-4911-ac85-c4378f04ff61}</UniqueIdentifier>
    </Filter>
    <Filter Include="Game\gameobject\Fence">
      <UniqueIdentifier>{a110c02c-7630-436b-bbe5-6062e42a135e}</UniqueIdentifier>
    </Filter>
    <Filter Include="Game\gameobject\Control">
      <UniqueIdentifier>{5c24b4a8-8a3e-455d-8388-92ad21b1dd11}</UniqueIdentifier>
    </Filter>
    <Filter Include="Game\gameobject\meffekseer">
      <UniqueIdentifier>{c78c38e5-dd88-4b91-9520-79476c552f16}</UniqueIdentifier>
    </Filter>
    <Filter Include="Game\gameobject\light">
      <UniqueIdentifier>{183d173f-2d44-495f-b8c2-3ba74039a818}</UniqueIdentifier>
    </Filter>
    <Filter Include="Game\gameobject\camera">
      <UniqueIdentifier>{133564d7-a6f9-464b-959e-0a1b2ee172da}</UniqueIdentifier>
    </Filter>
    <Filter Include="Game\UI">
      <UniqueIdentifier>{dd958707-cbce-4c7f-9484-fc9b5fe5c097}</UniqueIdentifier>
    </Filter>
    <Filter Include="Game\UI\HUD">
      <UniqueIdentifier>{bd73972b-f908-4972-97d0-c9526e6c2f1b}</UniqueIdentifier>
    </Filter>
    <Filter Include="Game\UI\Config">
      <UniqueIdentifier>{077ed855-3902-457a-805f-209d6816ad7a}</UniqueIdentifier>
    </Filter>
  </ItemGroup>
  <ItemGroup>
    <FxCompile Include="BlurPS.hlsl">
      <Filter>リソース ファイル</Filter>
    </FxCompile>
    <FxCompile Include="BlurVS.hlsl">
      <Filter>リソース ファイル</Filter>
    </FxCompile>
    <FxCompile Include="SpriteVS.hlsl">
      <Filter>リソース ファイル</Filter>
    </FxCompile>
    <FxCompile Include="SpritePS.hlsl">
      <Filter>リソース ファイル</Filter>
    </FxCompile>
    <FxCompile Include="FBXVS.hlsl">
      <Filter>リソース ファイル</Filter>
    </FxCompile>
    <FxCompile Include="FBXPS.hlsl">
      <Filter>リソース ファイル</Filter>
    </FxCompile>
    <FxCompile Include="PostEffectTestPS.hlsl">
      <Filter>リソース ファイル</Filter>
    </FxCompile>
    <FxCompile Include="PostEffectTestVS.hlsl">
      <Filter>リソース ファイル</Filter>
    </FxCompile>
    <FxCompile Include="lightver.hlsl">
      <Filter>リソース ファイル</Filter>
    </FxCompile>
    <FxCompile Include="lightpixel.hlsl">
      <Filter>リソース ファイル</Filter>
    </FxCompile>
    <FxCompile Include="BasicVS.hlsl">
      <Filter>リソース ファイル</Filter>
    </FxCompile>
    <FxCompile Include="BasicPS.hlsl">
      <Filter>リソース ファイル</Filter>
    </FxCompile>
    <FxCompile Include="TexturePS.hlsl" />
    <FxCompile Include="TextureVS.hlsl" />
    <FxCompile Include="TesserationHL.hlsl" />
    <FxCompile Include="TesserationDS.hlsl" />
    <FxCompile Include="BasicGS.hlsl">
      <Filter>リソース ファイル</Filter>
    </FxCompile>
  </ItemGroup>
  <ItemGroup>
    <ClCompile Include="main.cpp">
      <Filter>Game</Filter>
    </ClCompile>
    <ClCompile Include="Sprite.cpp">
      <Filter>Game\2d %28DebugTxt  Sprite Texture%29\sprite</Filter>
    </ClCompile>
    <ClCompile Include="DebugTxt.cpp">
      <Filter>Game\2d %28DebugTxt  Sprite Texture%29\sprite</Filter>
    </ClCompile>
    <ClCompile Include="PostEffect.cpp">
      <Filter>Game\2d %28DebugTxt  Sprite Texture%29\posteffect</Filter>
    </ClCompile>
    <ClCompile Include="Texture.cpp">
      <Filter>Game\2d %28DebugTxt  Sprite Texture%29\texture</Filter>
    </ClCompile>
    <ClCompile Include="f_Model.cpp">
      <Filter>Game\3d %28Model  Obj  Fbx%29\fbx</Filter>
    </ClCompile>
    <ClCompile Include="f_Object3d.cpp">
      <Filter>Game\3d %28Model  Obj  Fbx%29\fbx</Filter>
    </ClCompile>
    <ClCompile Include="FbxLoader.cpp">
      <Filter>Game\3d %28Model  Obj  Fbx%29\fbx</Filter>
    </ClCompile>
    <ClCompile Include="Material.cpp">
      <Filter>Game\3d %28Model  Obj  Fbx%29\obj</Filter>
    </ClCompile>
    <ClCompile Include="Mesh.cpp">
      <Filter>Game\3d %28Model  Obj  Fbx%29\obj</Filter>
    </ClCompile>
    <ClCompile Include="Model.cpp">
      <Filter>Game\3d %28Model  Obj  Fbx%29\obj</Filter>
    </ClCompile>
    <ClCompile Include="Object3d.cpp">
      <Filter>Game\3d %28Model  Obj  Fbx%29\obj</Filter>
    </ClCompile>
    <ClCompile Include="Audio.cpp">
      <Filter>Game\base %28Dxcmn  Winapp  Input%29\audio</Filter>
    </ClCompile>
    <ClCompile Include="DirectXCommon.cpp">
      <Filter>Game\base %28Dxcmn  Winapp  Input%29</Filter>
    </ClCompile>
    <ClCompile Include="Input.cpp">
      <Filter>Game\base %28Dxcmn  Winapp  Input%29</Filter>
    </ClCompile>
    <ClCompile Include="WinApp.cpp">
      <Filter>Game\base %28Dxcmn  Winapp  Input%29</Filter>
    </ClCompile>
    <ClCompile Include="DebugCamera.cpp">
      <Filter>Game\gameobject\camera</Filter>
    </ClCompile>
    <ClCompile Include="Camera.cpp">
      <Filter>Game\gameobject\camera</Filter>
    </ClCompile>
    <ClCompile Include="BaseCollider.cpp">
      <Filter>Game\collision</Filter>
    </ClCompile>
    <ClCompile Include="Collision.cpp">
      <Filter>Game\collision</Filter>
    </ClCompile>
    <ClCompile Include="SphereCollider.cpp">
      <Filter>Game\collision</Filter>
    </ClCompile>
    <ClCompile Include="CollisionPrimitive.cpp">
      <Filter>Game\collision</Filter>
    </ClCompile>
    <ClCompile Include="Framework.cpp">
      <Filter>Game\Scene\framework</Filter>
    </ClCompile>
    <ClCompile Include="SceneManager.cpp">
      <Filter>Game\Scene\SceneManager</Filter>
    </ClCompile>
    <ClCompile Include="MyGame.cpp">
      <Filter>Game\Scene\basescene</Filter>
    </ClCompile>
    <ClCompile Include="PlayScene.cpp">
      <Filter>Game\Scene\title,play</Filter>
    </ClCompile>
    <ClCompile Include="TitleScene.cpp">
      <Filter>Game\Scene\title,play</Filter>
    </ClCompile>
    <ClCompile Include="BaseScene.cpp">
      <Filter>Game\Scene\basescene</Filter>
    </ClCompile>
    <ClCompile Include="LightGroup.cpp">
      <Filter>Game\gameobject\light</Filter>
    </ClCompile>
    <ClCompile Include="Effects.cpp">
      <Filter>Game\gameobject\Effect</Filter>
    </ClCompile>
    <ClCompile Include="Player.cpp">
      <Filter>Game\gameobject\Player</Filter>
    </ClCompile>
    <ClCompile Include="BossEnemy.cpp">
      <Filter>Game\gameobject\Enemy\派生クラス</Filter>
    </ClCompile>
    <ClCompile Include="Enemy.cpp">
      <Filter>Game\gameobject\Enemy\基底クラス</Filter>
    </ClCompile>
    <ClCompile Include="MobEnemy.cpp">
      <Filter>Game\gameobject\Enemy\派生クラス</Filter>
    </ClCompile>
    <ClCompile Include="mEffekseer.cpp">
      <Filter>Game\gameobject\meffekseer</Filter>
    </ClCompile>
    <ClCompile Include="GameUI.cpp">
      <Filter>Game\UI</Filter>
    </ClCompile>
    <ClCompile Include="CollisionManager.cpp">
      <Filter>Game\collision</Filter>
    </ClCompile>
    <ClCompile Include="MeshCollider.cpp">
      <Filter>Game\collision</Filter>
    </ClCompile>
    <ClCompile Include="TouchableObject.cpp">
      <Filter>Game\collision</Filter>
    </ClCompile>
    <ClCompile Include="TargetMarker.cpp">
      <Filter>Game\UI</Filter>
    </ClCompile>
    <ClCompile Include="Character.cpp">
      <Filter>Game</Filter>
    </ClCompile>
    <ClCompile Include="LoadScene.cpp">
      <Filter>Game</Filter>
    </ClCompile>
    <ClCompile Include="EnemyAttackState.cpp">
      <Filter>Game\gameobject\Enemy\敵の行動遷移</Filter>
    </ClCompile>
    <ClCompile Include="EnemyStayState.cpp">
      <Filter>Game\gameobject\Enemy\敵の行動遷移</Filter>
    </ClCompile>
    <ClCompile Include="EnemyState.cpp">
      <Filter>Game\gameobject\Enemy\敵の行動遷移</Filter>
    </ClCompile>
    <ClCompile Include="EnemyWalkState.cpp">
      <Filter>Game\gameobject\Enemy\敵の行動遷移</Filter>
    </ClCompile>
    <ClCompile Include="EnemyFollowState.cpp">
      <Filter>Game\gameobject\Enemy\敵の行動遷移</Filter>
    </ClCompile>
    <ClCompile Include="RenderTarget.cpp">
      <Filter>Game</Filter>
    </ClCompile>
    <ClCompile Include="mHelper.cpp">
      <Filter>Game</Filter>
    </ClCompile>
    <ClCompile Include="EnemyAlpha.cpp">
      <Filter>Game\gameobject\Enemy\派生クラス\alpha</Filter>
    </ClCompile>
    <ClCompile Include="EnemyBeta.cpp">
      <Filter>Game\gameobject\Enemy\派生クラス\beta</Filter>
    </ClCompile>
    <ClCompile Include="EnemyCamma.cpp">
      <Filter>Game\gameobject\Enemy\派生クラス\cammma</Filter>
    </ClCompile>
    <ClCompile Include="ModelManager.cpp">
      <Filter>Game\3d %28Model  Obj  Fbx%29</Filter>
    </ClCompile>
    <ClCompile Include="TextureManager.cpp">
      <Filter>Game\2d %28DebugTxt  Sprite Texture%29</Filter>
    </ClCompile>
    <ClCompile Include="QueryCallback.cpp">
      <Filter>Game\collision</Filter>
    </ClCompile>
    <ClCompile Include="HUD.cpp">
      <Filter>Game\UI\HUD</Filter>
    </ClCompile>
    <ClCompile Include="HUDLayOut.cpp">
      <Filter>Game\UI\HUD</Filter>
    </ClCompile>
    <ClCompile Include="MapCreate.cpp">
      <Filter>Editor</Filter>
    </ClCompile>
    <ClCompile Include="MapCreateScene.cpp">
      <Filter>Editor</Filter>
    </ClCompile>
    <ClCompile Include="Field.cpp">
      <Filter>Game\gameobject\Field</Filter>
    </ClCompile>
    <ClCompile Include="BehaviorTree.cpp">
      <Filter>Game\gameobject\Enemy\Behavior</Filter>
    </ClCompile>
    <ClCompile Include="EnemyActionBase.cpp">
      <Filter>Game\gameobject\Enemy\Behavior</Filter>
    </ClCompile>
    <ClCompile Include="PhysicsAction.cpp">
      <Filter>Game\gameobject\Enemy\Behavior</Filter>
    </ClCompile>
    <ClCompile Include="NodeBase.cpp">
      <Filter>Game\gameobject\Enemy\Behavior</Filter>
    </ClCompile>
    <ClCompile Include="WalkJudgement.cpp">
      <Filter>Game\gameobject\Enemy\Behavior</Filter>
    </ClCompile>
    <ClCompile Include="WalkAction.cpp">
      <Filter>Game</Filter>
    </ClCompile>
    <ClCompile Include="StayJudgment.cpp">
      <Filter>Game</Filter>
    </ClCompile>
    <ClCompile Include="StayAction.cpp">
      <Filter>Game</Filter>
    </ClCompile>
    <ClCompile Include="FollowAction.cpp">
      <Filter>Game\gameobject\Enemy\Behavior</Filter>
    </ClCompile>
    <ClCompile Include="FollowJudgement.cpp">
      <Filter>Game\gameobject\Enemy\Behavior</Filter>
    </ClCompile>
    <ClCompile Include="IHUD.cpp">
      <Filter>Game</Filter>
    </ClCompile>
    <ClCompile Include="EnemyAttackAction.cpp">
      <Filter>Game\gameobject\Enemy\Behavior</Filter>
    </ClCompile>
    <ClCompile Include="EnemyAttackJudgement.cpp">
      <Filter>Game\gameobject\Enemy\Behavior</Filter>
    </ClCompile>
    <ClCompile Include="ConfigSprite.cpp">
      <Filter>Game\UI\Config</Filter>
    </ClCompile>
    <ClCompile Include="SistemConfig.cpp">
      <Filter>Game\UI\Config</Filter>
    </ClCompile>
    <ClCompile Include="BehaviorDatas.cpp">
      <Filter>Game\gameobject\Enemy\Behavior</Filter>
    </ClCompile>
    <ClCompile Include="PlayerHUD.cpp">
      <Filter>Game\UI\HUD</Filter>
    </ClCompile>
    <ClCompile Include="PlayerAttackState.cpp">
      <Filter>Game\gameobject\Player</Filter>
    </ClCompile>
    <ClCompile Include="OBBCollision.cpp">
      <Filter>Game\collision</Filter>
    </ClCompile>
    <ClCompile Include="EnemyHUD.cpp">
      <Filter>Game\UI\HUD</Filter>
    </ClCompile>
    <ClCompile Include="FieldCollision.cpp">
      <Filter>Game\collision</Filter>
    </ClCompile>
    <ClCompile Include="CustomButton.cpp">
      <Filter>Game\UI\HUD</Filter>
    </ClCompile>
    <ClCompile Include="Wood.cpp">
      <Filter>Game\gameobject\Wood</Filter>
    </ClCompile>
    <ClCompile Include="AreaFence.cpp">
      <Filter>Game\gameobject\Fence</Filter>
    </ClCompile>
    <ClCompile Include="CreateObjManager.cpp">
      <Filter>Editor\配置管理\配置管理%28基底%29</Filter>
    </ClCompile>
    <ClCompile Include="PlaceWood.cpp">
      <Filter>Editor\配置管理\木</Filter>
    </ClCompile>
    <ClCompile Include="PlaceFence.cpp">
      <Filter>Editor\配置管理\フェンス</Filter>
    </ClCompile>
    <ClCompile Include="PlaceEnemy.cpp">
      <Filter>Editor\配置管理\敵</Filter>
    </ClCompile>
    <ClCompile Include="ControlBase.cpp">
      <Filter>Game\gameobject\Control</Filter>
    </ClCompile>
    <ClCompile Include="EnemyControl.cpp">
      <Filter>Game\gameobject\Control</Filter>
    </ClCompile>
    <ClCompile Include="FenceControl.cpp">
      <Filter>Game\gameobject\Control</Filter>
    </ClCompile>
    <ClCompile Include="WoodControl.cpp">
      <Filter>Game\gameobject\Control</Filter>
    </ClCompile>
    <ClCompile Include="WoodManager.cpp">
      <Filter>Game</Filter>
    </ClCompile>
    <ClCompile Include="UI.cpp">
      <Filter>Game</Filter>
    </ClCompile>
    <ClCompile Include="CameraControl.cpp">
      <Filter>Game</Filter>
    </ClCompile>
    <ClCompile Include="ObjectManager.cpp">
      <Filter>Game\gameobject</Filter>
    </ClCompile>
  </ItemGroup>
  <ItemGroup>
    <None Include="Blur.hlsli">
      <Filter>リソース ファイル</Filter>
    </None>
    <None Include="Sprite.hlsli">
      <Filter>リソース ファイル</Filter>
    </None>
    <None Include="FBX.hlsli">
      <Filter>リソース ファイル</Filter>
    </None>
    <None Include="PostEffectTest.hlsli">
      <Filter>リソース ファイル</Filter>
    </None>
    <None Include="light.hlsli">
      <Filter>リソース ファイル</Filter>
    </None>
    <None Include="Header.hlsli">
      <Filter>リソース ファイル</Filter>
    </None>
    <None Include="Texture.hlsli" />
  </ItemGroup>
  <ItemGroup>
    <ClInclude Include="Sprite.h">
      <Filter>Game\2d %28DebugTxt  Sprite Texture%29\sprite</Filter>
    </ClInclude>
    <ClInclude Include="DebugTxt.h">
      <Filter>Game\2d %28DebugTxt  Sprite Texture%29\sprite</Filter>
    </ClInclude>
    <ClInclude Include="PostEffect.h">
      <Filter>Game\2d %28DebugTxt  Sprite Texture%29\posteffect</Filter>
    </ClInclude>
    <ClInclude Include="Texture.h">
      <Filter>Game\2d %28DebugTxt  Sprite Texture%29\texture</Filter>
    </ClInclude>
    <ClInclude Include="f_Model.h">
      <Filter>Game\3d %28Model  Obj  Fbx%29\fbx</Filter>
    </ClInclude>
    <ClInclude Include="f_Object3d.h">
      <Filter>Game\3d %28Model  Obj  Fbx%29\fbx</Filter>
    </ClInclude>
    <ClInclude Include="FbxLoader.h">
      <Filter>Game\3d %28Model  Obj  Fbx%29\fbx</Filter>
    </ClInclude>
    <ClInclude Include="Material.h">
      <Filter>Game\3d %28Model  Obj  Fbx%29\obj</Filter>
    </ClInclude>
    <ClInclude Include="Mesh.h">
      <Filter>Game\3d %28Model  Obj  Fbx%29\obj</Filter>
    </ClInclude>
    <ClInclude Include="Model.h">
      <Filter>Game\3d %28Model  Obj  Fbx%29\obj</Filter>
    </ClInclude>
    <ClInclude Include="Object3d.h">
      <Filter>Game\3d %28Model  Obj  Fbx%29\obj</Filter>
    </ClInclude>
    <ClInclude Include="Audio.h">
      <Filter>Game\base %28Dxcmn  Winapp  Input%29\audio</Filter>
    </ClInclude>
    <ClInclude Include="DirectXCommon.h">
      <Filter>Game\base %28Dxcmn  Winapp  Input%29</Filter>
    </ClInclude>
    <ClInclude Include="Input.h">
      <Filter>Game\base %28Dxcmn  Winapp  Input%29</Filter>
    </ClInclude>
    <ClInclude Include="WinApp.h">
      <Filter>Game\base %28Dxcmn  Winapp  Input%29</Filter>
    </ClInclude>
    <ClInclude Include="DebugCamera.h">
      <Filter>Game\gameobject\camera</Filter>
    </ClInclude>
    <ClInclude Include="Camera.h">
      <Filter>Game\gameobject\camera</Filter>
    </ClInclude>
    <ClInclude Include="CollisionTypes.h">
      <Filter>Game\collision</Filter>
    </ClInclude>
    <ClInclude Include="CollisionInfo.h">
      <Filter>Game\collision</Filter>
    </ClInclude>
    <ClInclude Include="CollisionPrimitive.h">
      <Filter>Game\collision</Filter>
    </ClInclude>
    <ClInclude Include="BaseCollider.h">
      <Filter>Game\collision</Filter>
    </ClInclude>
    <ClInclude Include="Collision.h">
      <Filter>Game\collision</Filter>
    </ClInclude>
    <ClInclude Include="SphereCollider.h">
      <Filter>Game\collision</Filter>
    </ClInclude>
    <ClInclude Include="Framework.h">
      <Filter>Game\Scene\framework</Filter>
    </ClInclude>
    <ClInclude Include="SceneManager.h">
      <Filter>Game\Scene\SceneManager</Filter>
    </ClInclude>
    <ClInclude Include="MyGame.h">
      <Filter>Game\Scene\basescene</Filter>
    </ClInclude>
    <ClInclude Include="TitleScene.h">
      <Filter>Game\Scene\title,play</Filter>
    </ClInclude>
    <ClInclude Include="PlayScene.h">
      <Filter>Game\Scene\title,play</Filter>
    </ClInclude>
    <ClInclude Include="BaseScene.h">
      <Filter>Game\Scene\basescene</Filter>
    </ClInclude>
    <ClInclude Include="DirectionalLight.h">
      <Filter>Game\gameobject\light</Filter>
    </ClInclude>
    <ClInclude Include="PointLight.h">
      <Filter>Game\gameobject\light</Filter>
    </ClInclude>
    <ClInclude Include="SpotLight.h">
      <Filter>Game\gameobject\light</Filter>
    </ClInclude>
    <ClInclude Include="LightGroup.h">
      <Filter>Game\gameobject\light</Filter>
    </ClInclude>
    <ClInclude Include="Effects.h">
      <Filter>Game\gameobject\Effect</Filter>
    </ClInclude>
    <ClInclude Include="Player.h">
      <Filter>Game\gameobject\Player</Filter>
    </ClInclude>
    <ClInclude Include="BossEnemy.h">
      <Filter>Game\gameobject\Enemy\派生クラス</Filter>
    </ClInclude>
    <ClInclude Include="Enemy.h">
      <Filter>Game\gameobject\Enemy\基底クラス</Filter>
    </ClInclude>
    <ClInclude Include="MobEnemy.h">
      <Filter>Game\gameobject\Enemy\派生クラス</Filter>
    </ClInclude>
    <ClInclude Include="mEffekseer.h">
      <Filter>Game\gameobject\meffekseer</Filter>
    </ClInclude>
    <ClInclude Include="GameUI.h">
      <Filter>Game\UI</Filter>
    </ClInclude>
    <ClInclude Include="MeshCollider.h">
      <Filter>Game\collision</Filter>
    </ClInclude>
    <ClInclude Include="CollisionManager.h">
      <Filter>Game\collision</Filter>
    </ClInclude>
    <ClInclude Include="RaycastHit.h">
      <Filter>Game\collision</Filter>
    </ClInclude>
    <ClInclude Include="TouchableObject.h">
      <Filter>Game\collision</Filter>
    </ClInclude>
    <ClInclude Include="TargetMarker.h">
      <Filter>Game\UI</Filter>
    </ClInclude>
    <ClInclude Include="OBBCollision.h">
      <Filter>ヘッダー ファイル</Filter>
    </ClInclude>
    <ClInclude Include="Character.h">
      <Filter>ヘッダー ファイル</Filter>
    </ClInclude>
    <ClInclude Include="HintBoard.h">
      <Filter>ヘッダー ファイル</Filter>
    </ClInclude>
    <ClInclude Include="LoadScene.h">
      <Filter>ヘッダー ファイル</Filter>
    </ClInclude>
    <ClInclude Include="EnemyAttackState.h">
      <Filter>Game\gameobject\Enemy\敵の行動遷移</Filter>
    </ClInclude>
    <ClInclude Include="EnemyStayState.h">
      <Filter>Game\gameobject\Enemy\敵の行動遷移</Filter>
    </ClInclude>
    <ClInclude Include="EnemyWalkState.h">
      <Filter>Game\gameobject\Enemy\敵の行動遷移</Filter>
    </ClInclude>
    <ClInclude Include="EnemyState.h">
      <Filter>Game\gameobject\Enemy\敵の行動遷移</Filter>
    </ClInclude>
    <ClInclude Include="EnemyFollowState.h">
      <Filter>Game\gameobject\Enemy\敵の行動遷移</Filter>
    </ClInclude>
    <ClInclude Include="CollisionAttribute.h">
      <Filter>Game\collision</Filter>
    </ClInclude>
    <ClInclude Include="FieldCollision.h">
      <Filter>ヘッダー ファイル</Filter>
    </ClInclude>
    <ClInclude Include="RenderTarget.h">
      <Filter>ヘッダー ファイル</Filter>
    </ClInclude>
    <ClInclude Include="mHelper.h">
      <Filter>ヘッダー ファイル</Filter>
    </ClInclude>
    <ClInclude Include="EnemyAlpha.h">
      <Filter>Game\gameobject\Enemy\派生クラス\alpha</Filter>
    </ClInclude>
    <ClInclude Include="EnemyBeta.h">
      <Filter>Game\gameobject\Enemy\派生クラス\beta</Filter>
    </ClInclude>
    <ClInclude Include="EnemyCamma.h">
      <Filter>Game\gameobject\Enemy\派生クラス\cammma</Filter>
    </ClInclude>
    <ClInclude Include="ModelManager.h">
      <Filter>Game\3d %28Model  Obj  Fbx%29</Filter>
    </ClInclude>
    <ClInclude Include="TextureManager.h">
      <Filter>Game\2d %28DebugTxt  Sprite Texture%29</Filter>
    </ClInclude>
    <ClInclude Include="QueryCallback.h">
      <Filter>Game\collision</Filter>
    </ClInclude>
    <ClInclude Include="HUDLayOut.h">
      <Filter>Game\UI\HUD</Filter>
    </ClInclude>
    <ClInclude Include="HUD.h">
      <Filter>Game\UI\HUD</Filter>
    </ClInclude>
    <ClInclude Include="MapCreateScene.h">
      <Filter>Editor</Filter>
    </ClInclude>
    <ClInclude Include="MapCreate.h">
      <Filter>Editor</Filter>
    </ClInclude>
    <ClInclude Include="Field.h">
      <Filter>Game\gameobject\Field</Filter>
    </ClInclude>
    <ClInclude Include="CustomButton.h">
      <Filter>ヘッダー ファイル</Filter>
    </ClInclude>
    <ClInclude Include="BehaviorTree.h">
      <Filter>Game\gameobject\Enemy\Behavior</Filter>
    </ClInclude>
    <ClInclude Include="EnemyActionBase.h">
      <Filter>Game\gameobject\Enemy\Behavior</Filter>
    </ClInclude>
    <ClInclude Include="PhysicsAction.h">
      <Filter>Game\gameobject\Enemy\Behavior</Filter>
    </ClInclude>
    <ClInclude Include="NodeBase.h">
      <Filter>Game\gameobject\Enemy\Behavior</Filter>
    </ClInclude>
    <ClInclude Include="ExecJudgmentBase.h">
      <Filter>Game\gameobject\Enemy\Behavior</Filter>
    </ClInclude>
    <ClInclude Include="WalkJudgement.h">
      <Filter>Game\gameobject\Enemy\Behavior</Filter>
    </ClInclude>
    <ClInclude Include="WalkAction.h">
      <Filter>ヘッダー ファイル</Filter>
    </ClInclude>
    <ClInclude Include="StayJudgment.h">
      <Filter>ヘッダー ファイル</Filter>
    </ClInclude>
    <ClInclude Include="StayAction.h">
      <Filter>ヘッダー ファイル</Filter>
    </ClInclude>
    <ClInclude Include="FollowAction.h">
      <Filter>Game\gameobject\Enemy\Behavior</Filter>
    </ClInclude>
    <ClInclude Include="FollowJudgement.h">
      <Filter>Game\gameobject\Enemy\Behavior</Filter>
    </ClInclude>
    <ClInclude Include="Destroy.h">
      <Filter>Game</Filter>
    </ClInclude>
    <ClInclude Include="PlayerHUD.h">
      <Filter>ヘッダー ファイル</Filter>
    </ClInclude>
    <ClInclude Include="IHUD.h">
      <Filter>ヘッダー ファイル</Filter>
    </ClInclude>
    <ClInclude Include="EnemyAttackAction.h">
      <Filter>Game\gameobject\Enemy\Behavior</Filter>
    </ClInclude>
    <ClInclude Include="EnemyAttackJudgement.h">
      <Filter>Game\gameobject\Enemy\Behavior</Filter>
    </ClInclude>
    <ClInclude Include="WoodManager.h">
      <Filter>ヘッダー ファイル</Filter>
    </ClInclude>
    <ClInclude Include="ConfigSprite.h">
      <Filter>Game\UI\Config</Filter>
    </ClInclude>
    <ClInclude Include="SistemConfig.h">
      <Filter>Game\UI\Config</Filter>
    </ClInclude>
    <ClInclude Include="PlayerAttackState.h">
      <Filter>Game\gameobject\Player</Filter>
    </ClInclude>
    <ClInclude Include="OBB.h">
      <Filter>Game\collision</Filter>
    </ClInclude>
    <ClInclude Include="EnemyHUD.h">
      <Filter>Game\UI\HUD</Filter>
    </ClInclude>
    <ClInclude Include="BehaviorDatas.h">
      <Filter>Game\gameobject\Enemy\Behavior</Filter>
    </ClInclude>
    <ClInclude Include="Wood.h">
      <Filter>Game\gameobject\Wood</Filter>
    </ClInclude>
    <ClInclude Include="AreaFence.h">
      <Filter>Game\gameobject\Fence</Filter>
    </ClInclude>
    <ClInclude Include="CreateObjManager.h">
      <Filter>Editor\配置管理\配置管理%28基底%29</Filter>
    </ClInclude>
    <ClInclude Include="PlaceWood.h">
      <Filter>Editor\配置管理\木</Filter>
    </ClInclude>
    <ClInclude Include="PlaceFence.h">
      <Filter>Editor\配置管理\フェンス</Filter>
    </ClInclude>
    <ClInclude Include="PlaceEnemy.h">
      <Filter>Editor\配置管理\敵</Filter>
    </ClInclude>
    <ClInclude Include="EnemyControl.h">
      <Filter>Game\gameobject\Control</Filter>
    </ClInclude>
    <ClInclude Include="FenceControl.h">
      <Filter>Game\gameobject\Control</Filter>
    </ClInclude>
    <ClInclude Include="ControlBase.h">
      <Filter>Game\gameobject\Control</Filter>
    </ClInclude>
    <ClInclude Include="WoodControl.h">
      <Filter>Game\gameobject\Control</Filter>
    </ClInclude>
    <ClInclude Include="UI.h">
      <Filter>ヘッダー ファイル</Filter>
    </ClInclude>
    <ClInclude Include="CameraControl.h">
      <Filter>ヘッダー ファイル</Filter>
    </ClInclude>
    <ClInclude Include="ObjectManager.h">
      <Filter>Game\gameobject</Filter>
    </ClInclude>
  </ItemGroup>
</Project>